// !$*UTF8*$!
{
	archiveVersion = 1;
	classes = {
	};
	objectVersion = 50;
	objects = {

/* Begin PBXBuildFile section */
		3B8609C425121760002A20D2 /* main.cpp in Sources */ = {isa = PBXBuildFile; fileRef = 3B8609C325121760002A20D2 /* main.cpp */; };
		3B8609CF251234D4002A20D2 /* main.cpp in Sources */ = {isa = PBXBuildFile; fileRef = 3B8609CE251234D4002A20D2 /* main.cpp */; };
		3B8609DA251242DC002A20D2 /* main.cpp in Sources */ = {isa = PBXBuildFile; fileRef = 3B8609D9251242DC002A20D2 /* main.cpp */; };
		3BBB635E2513B48D00A6C9FD /* main.cpp in Sources */ = {isa = PBXBuildFile; fileRef = 3BBB635D2513B48D00A6C9FD /* main.cpp */; };
		3BBB63732518974100A6C9FD /* main.cpp in Sources */ = {isa = PBXBuildFile; fileRef = 3BBB63722518974100A6C9FD /* main.cpp */; };
		3BBB638A2518A35C00A6C9FD /* main.cpp in Sources */ = {isa = PBXBuildFile; fileRef = 3BBB63892518A35C00A6C9FD /* main.cpp */; };
		3BBB63A32518D25B00A6C9FD /* main.cpp in Sources */ = {isa = PBXBuildFile; fileRef = 3BBB63A22518D25B00A6C9FD /* main.cpp */; };
		3BBB63BE2518DA3800A6C9FD /* main.cpp in Sources */ = {isa = PBXBuildFile; fileRef = 3BBB63BD2518DA3800A6C9FD /* main.cpp */; };
		3BBB63D22519EE4F00A6C9FD /* main.cpp in Sources */ = {isa = PBXBuildFile; fileRef = 3BBB63D12519EE4F00A6C9FD /* main.cpp */; };
		3BE9647D24C18DE2007C5400 /* main.cpp in Sources */ = {isa = PBXBuildFile; fileRef = 3BE9647C24C18DE2007C5400 /* main.cpp */; };
/* End PBXBuildFile section */

/* Begin PBXCopyFilesBuildPhase section */
		3B8609BF25121760002A20D2 /* CopyFiles */ = {
			isa = PBXCopyFilesBuildPhase;
			buildActionMask = 2147483647;
			dstPath = /usr/share/man/man1/;
			dstSubfolderSpec = 0;
			files = (
			);
			runOnlyForDeploymentPostprocessing = 1;
		};
		3B8609CA251234D4002A20D2 /* CopyFiles */ = {
			isa = PBXCopyFilesBuildPhase;
			buildActionMask = 2147483647;
			dstPath = /usr/share/man/man1/;
			dstSubfolderSpec = 0;
			files = (
			);
			runOnlyForDeploymentPostprocessing = 1;
		};
		3B8609D5251242DB002A20D2 /* CopyFiles */ = {
			isa = PBXCopyFilesBuildPhase;
			buildActionMask = 2147483647;
			dstPath = /usr/share/man/man1/;
			dstSubfolderSpec = 0;
			files = (
			);
			runOnlyForDeploymentPostprocessing = 1;
		};
		3BBB63592513B48D00A6C9FD /* CopyFiles */ = {
			isa = PBXCopyFilesBuildPhase;
			buildActionMask = 2147483647;
			dstPath = /usr/share/man/man1/;
			dstSubfolderSpec = 0;
			files = (
			);
			runOnlyForDeploymentPostprocessing = 1;
		};
		3BBB636E2518974100A6C9FD /* CopyFiles */ = {
			isa = PBXCopyFilesBuildPhase;
			buildActionMask = 2147483647;
			dstPath = /usr/share/man/man1/;
			dstSubfolderSpec = 0;
			files = (
			);
			runOnlyForDeploymentPostprocessing = 1;
		};
		3BBB63852518A35C00A6C9FD /* CopyFiles */ = {
			isa = PBXCopyFilesBuildPhase;
			buildActionMask = 2147483647;
			dstPath = /usr/share/man/man1/;
			dstSubfolderSpec = 0;
			files = (
			);
			runOnlyForDeploymentPostprocessing = 1;
		};
		3BBB639E2518D25B00A6C9FD /* CopyFiles */ = {
			isa = PBXCopyFilesBuildPhase;
			buildActionMask = 2147483647;
			dstPath = /usr/share/man/man1/;
			dstSubfolderSpec = 0;
			files = (
			);
			runOnlyForDeploymentPostprocessing = 1;
		};
		3BBB63B92518DA3800A6C9FD /* CopyFiles */ = {
			isa = PBXCopyFilesBuildPhase;
			buildActionMask = 2147483647;
			dstPath = /usr/share/man/man1/;
			dstSubfolderSpec = 0;
			files = (
			);
			runOnlyForDeploymentPostprocessing = 1;
		};
		3BBB63CD2519EE4F00A6C9FD /* CopyFiles */ = {
			isa = PBXCopyFilesBuildPhase;
			buildActionMask = 2147483647;
			dstPath = /usr/share/man/man1/;
			dstSubfolderSpec = 0;
			files = (
			);
			runOnlyForDeploymentPostprocessing = 1;
		};
		3BE9647824C18DE2007C5400 /* CopyFiles */ = {
			isa = PBXCopyFilesBuildPhase;
			buildActionMask = 2147483647;
			dstPath = /usr/share/man/man1/;
			dstSubfolderSpec = 0;
			files = (
			);
			runOnlyForDeploymentPostprocessing = 1;
		};
/* End PBXCopyFilesBuildPhase section */

/* Begin PBXFileReference section */
		3B1E83ED24AF549E005AE9EB /* main.cpp */ = {isa = PBXFileReference; lastKnownFileType = sourcecode.cpp.cpp; path = main.cpp; sourceTree = "<group>"; };
		3B1E83F824AF5708005AE9EB /* main.cpp */ = {isa = PBXFileReference; lastKnownFileType = sourcecode.cpp.cpp; path = main.cpp; sourceTree = "<group>"; };
		3B1E840324AF58A6005AE9EB /* main.cpp */ = {isa = PBXFileReference; lastKnownFileType = sourcecode.cpp.cpp; path = main.cpp; sourceTree = "<group>"; };
		3B1E840E24AF5AE4005AE9EB /* main.cpp */ = {isa = PBXFileReference; lastKnownFileType = sourcecode.cpp.cpp; path = main.cpp; sourceTree = "<group>"; };
		3B1E841924B0507A005AE9EB /* main.cpp */ = {isa = PBXFileReference; lastKnownFileType = sourcecode.cpp.cpp; path = main.cpp; sourceTree = "<group>"; };
		3B1E842424B0517B005AE9EB /* main.cpp */ = {isa = PBXFileReference; lastKnownFileType = sourcecode.cpp.cpp; path = main.cpp; sourceTree = "<group>"; };
		3B1E842F24B0542B005AE9EB /* main.cpp */ = {isa = PBXFileReference; lastKnownFileType = sourcecode.cpp.cpp; path = main.cpp; sourceTree = "<group>"; };
		3B1E843A24B055A4005AE9EB /* main.cpp */ = {isa = PBXFileReference; lastKnownFileType = sourcecode.cpp.cpp; path = main.cpp; sourceTree = "<group>"; };
		3B1E844524B059B2005AE9EB /* main.cpp */ = {isa = PBXFileReference; lastKnownFileType = sourcecode.cpp.cpp; path = main.cpp; sourceTree = "<group>"; };
		3B1E845024B05ABE005AE9EB /* main.cpp */ = {isa = PBXFileReference; lastKnownFileType = sourcecode.cpp.cpp; path = main.cpp; sourceTree = "<group>"; };
		3B1E845B24B05B0B005AE9EB /* main.cpp */ = {isa = PBXFileReference; lastKnownFileType = sourcecode.cpp.cpp; path = main.cpp; sourceTree = "<group>"; };
		3B1E846624B05D00005AE9EB /* main.cpp */ = {isa = PBXFileReference; lastKnownFileType = sourcecode.cpp.cpp; path = main.cpp; sourceTree = "<group>"; };
		3B1E847124B05E23005AE9EB /* main.cpp */ = {isa = PBXFileReference; lastKnownFileType = sourcecode.cpp.cpp; path = main.cpp; sourceTree = "<group>"; };
		3B1E847C24B05E77005AE9EB /* main.cpp */ = {isa = PBXFileReference; lastKnownFileType = sourcecode.cpp.cpp; path = main.cpp; sourceTree = "<group>"; };
		3B1E848724B05FB3005AE9EB /* main.cpp */ = {isa = PBXFileReference; lastKnownFileType = sourcecode.cpp.cpp; path = main.cpp; sourceTree = "<group>"; };
		3B1E849224B06005005AE9EB /* main.cpp */ = {isa = PBXFileReference; lastKnownFileType = sourcecode.cpp.cpp; path = main.cpp; sourceTree = "<group>"; };
		3B1E849D24B06082005AE9EB /* main.cpp */ = {isa = PBXFileReference; lastKnownFileType = sourcecode.cpp.cpp; path = main.cpp; sourceTree = "<group>"; };
		3B1E84A824B06306005AE9EB /* main.cpp */ = {isa = PBXFileReference; lastKnownFileType = sourcecode.cpp.cpp; path = main.cpp; sourceTree = "<group>"; };
		3B1E84B324B063F0005AE9EB /* main.cpp */ = {isa = PBXFileReference; lastKnownFileType = sourcecode.cpp.cpp; path = main.cpp; sourceTree = "<group>"; };
		3B1E84BE24B065D4005AE9EB /* main.cpp */ = {isa = PBXFileReference; lastKnownFileType = sourcecode.cpp.cpp; path = main.cpp; sourceTree = "<group>"; };
		3B1E84C924B066DA005AE9EB /* main.cpp */ = {isa = PBXFileReference; lastKnownFileType = sourcecode.cpp.cpp; path = main.cpp; sourceTree = "<group>"; };
		3B1E84D424B069B9005AE9EB /* main.cpp */ = {isa = PBXFileReference; lastKnownFileType = sourcecode.cpp.cpp; path = main.cpp; sourceTree = "<group>"; };
		3B1E84DF24B06EA5005AE9EB /* main.cpp */ = {isa = PBXFileReference; lastKnownFileType = sourcecode.cpp.cpp; path = main.cpp; sourceTree = "<group>"; };
		3B1E84EA24B0AE3B005AE9EB /* main.cpp */ = {isa = PBXFileReference; lastKnownFileType = sourcecode.cpp.cpp; path = main.cpp; sourceTree = "<group>"; };
		3B1E84F524B0B5A3005AE9EB /* main.cpp */ = {isa = PBXFileReference; lastKnownFileType = sourcecode.cpp.cpp; path = main.cpp; sourceTree = "<group>"; };
		3B1E850024B0B6F2005AE9EB /* main.cpp */ = {isa = PBXFileReference; lastKnownFileType = sourcecode.cpp.cpp; path = main.cpp; sourceTree = "<group>"; };
		3B1E850B24B0BA09005AE9EB /* main.cpp */ = {isa = PBXFileReference; lastKnownFileType = sourcecode.cpp.cpp; path = main.cpp; sourceTree = "<group>"; };
		3B1E851624B0BB75005AE9EB /* main.cpp */ = {isa = PBXFileReference; lastKnownFileType = sourcecode.cpp.cpp; path = main.cpp; sourceTree = "<group>"; };
		3B1E852124B0BBC7005AE9EB /* main.cpp */ = {isa = PBXFileReference; lastKnownFileType = sourcecode.cpp.cpp; path = main.cpp; sourceTree = "<group>"; };
		3B1E852C24B0BC7B005AE9EB /* main.cpp */ = {isa = PBXFileReference; lastKnownFileType = sourcecode.cpp.cpp; path = main.cpp; sourceTree = "<group>"; };
		3B1E853724B0BD7F005AE9EB /* main.cpp */ = {isa = PBXFileReference; lastKnownFileType = sourcecode.cpp.cpp; path = main.cpp; sourceTree = "<group>"; };
		3B1E854224B0BDDC005AE9EB /* main.cpp */ = {isa = PBXFileReference; lastKnownFileType = sourcecode.cpp.cpp; path = main.cpp; sourceTree = "<group>"; };
		3B1E854D24B0BF5C005AE9EB /* main.cpp */ = {isa = PBXFileReference; lastKnownFileType = sourcecode.cpp.cpp; path = main.cpp; sourceTree = "<group>"; };
		3B1E855824B0C02A005AE9EB /* main.cpp */ = {isa = PBXFileReference; lastKnownFileType = sourcecode.cpp.cpp; path = main.cpp; sourceTree = "<group>"; };
		3B1E856324B0C094005AE9EB /* main.cpp */ = {isa = PBXFileReference; lastKnownFileType = sourcecode.cpp.cpp; path = main.cpp; sourceTree = "<group>"; };
		3B1E856E24B0C125005AE9EB /* main.cpp */ = {isa = PBXFileReference; lastKnownFileType = sourcecode.cpp.cpp; path = main.cpp; sourceTree = "<group>"; };
		3B1E857924B0C925005AE9EB /* main.cpp */ = {isa = PBXFileReference; lastKnownFileType = sourcecode.cpp.cpp; path = main.cpp; sourceTree = "<group>"; };
		3B1E858424B0C9E3005AE9EB /* main.cpp */ = {isa = PBXFileReference; lastKnownFileType = sourcecode.cpp.cpp; path = main.cpp; sourceTree = "<group>"; };
		3B1E858F24B0CD2D005AE9EB /* main.cpp */ = {isa = PBXFileReference; lastKnownFileType = sourcecode.cpp.cpp; path = main.cpp; sourceTree = "<group>"; };
		3B1E859A24B0D6A2005AE9EB /* main.cpp */ = {isa = PBXFileReference; lastKnownFileType = sourcecode.cpp.cpp; path = main.cpp; sourceTree = "<group>"; };
		3B1E85A824B6E44A005AE9EB /* main.cpp */ = {isa = PBXFileReference; lastKnownFileType = sourcecode.cpp.cpp; path = main.cpp; sourceTree = "<group>"; };
		3B1E85B324B6E6CF005AE9EB /* main.cpp */ = {isa = PBXFileReference; lastKnownFileType = sourcecode.cpp.cpp; path = main.cpp; sourceTree = "<group>"; };
		3B1E85BE24B6EFE7005AE9EB /* main.cpp */ = {isa = PBXFileReference; lastKnownFileType = sourcecode.cpp.cpp; path = main.cpp; sourceTree = "<group>"; };
		3B1E85C924B9947B005AE9EB /* main.cpp */ = {isa = PBXFileReference; lastKnownFileType = sourcecode.cpp.cpp; path = main.cpp; sourceTree = "<group>"; };
		3B1E85D424B99693005AE9EB /* main.cpp */ = {isa = PBXFileReference; lastKnownFileType = sourcecode.cpp.cpp; path = main.cpp; sourceTree = "<group>"; };
		3B1E85DF24B99BA3005AE9EB /* main.cpp */ = {isa = PBXFileReference; lastKnownFileType = sourcecode.cpp.cpp; path = main.cpp; sourceTree = "<group>"; };
		3B7C859024FA7F4000249ADC /* main.cpp */ = {isa = PBXFileReference; lastKnownFileType = sourcecode.cpp.cpp; path = main.cpp; sourceTree = "<group>"; };
		3B7C859B24FA875500249ADC /* main.cpp */ = {isa = PBXFileReference; lastKnownFileType = sourcecode.cpp.cpp; path = main.cpp; sourceTree = "<group>"; };
		3B7C85A624FCD23400249ADC /* main.cpp */ = {isa = PBXFileReference; lastKnownFileType = sourcecode.cpp.cpp; path = main.cpp; sourceTree = "<group>"; };
		3B7C85B124FCDE1400249ADC /* main.cpp */ = {isa = PBXFileReference; lastKnownFileType = sourcecode.cpp.cpp; path = main.cpp; sourceTree = "<group>"; };
		3B7C85BC24FCE56800249ADC /* main.cpp */ = {isa = PBXFileReference; lastKnownFileType = sourcecode.cpp.cpp; path = main.cpp; sourceTree = "<group>"; };
		3B7C85C724FCECE000249ADC /* main.cpp */ = {isa = PBXFileReference; lastKnownFileType = sourcecode.cpp.cpp; path = main.cpp; sourceTree = "<group>"; };
		3B7C85D224FCEDF500249ADC /* main.cpp */ = {isa = PBXFileReference; lastKnownFileType = sourcecode.cpp.cpp; path = main.cpp; sourceTree = "<group>"; };
		3B7C85DD24FCF85100249ADC /* main.cpp */ = {isa = PBXFileReference; lastKnownFileType = sourcecode.cpp.cpp; path = main.cpp; sourceTree = "<group>"; };
		3B7C85E824FCFDC100249ADC /* main.cpp */ = {isa = PBXFileReference; lastKnownFileType = sourcecode.cpp.cpp; path = main.cpp; sourceTree = "<group>"; };
		3B7C85F324FD1AC000249ADC /* main.cpp */ = {isa = PBXFileReference; lastKnownFileType = sourcecode.cpp.cpp; path = main.cpp; sourceTree = "<group>"; };
		3B7C85FE24FE247500249ADC /* main.cpp */ = {isa = PBXFileReference; lastKnownFileType = sourcecode.cpp.cpp; path = main.cpp; sourceTree = "<group>"; };
		3B7C860924FE560600249ADC /* main.cpp */ = {isa = PBXFileReference; lastKnownFileType = sourcecode.cpp.cpp; path = main.cpp; sourceTree = "<group>"; };
		3B7C861424FE741400249ADC /* main.cpp */ = {isa = PBXFileReference; lastKnownFileType = sourcecode.cpp.cpp; path = main.cpp; sourceTree = "<group>"; };
		3B80C1E924BEB858001BB51F /* main.cpp */ = {isa = PBXFileReference; lastKnownFileType = sourcecode.cpp.cpp; path = main.cpp; sourceTree = "<group>"; };
		3B80C1F424BECD29001BB51F /* main.cpp */ = {isa = PBXFileReference; lastKnownFileType = sourcecode.cpp.cpp; path = main.cpp; sourceTree = "<group>"; };
		3B80C1FF24BED076001BB51F /* main.cpp */ = {isa = PBXFileReference; lastKnownFileType = sourcecode.cpp.cpp; path = main.cpp; sourceTree = "<group>"; };
		3B80C20A24BED23E001BB51F /* main.cpp */ = {isa = PBXFileReference; lastKnownFileType = sourcecode.cpp.cpp; path = main.cpp; sourceTree = "<group>"; };
		3B80C21524C044CC001BB51F /* main.cpp */ = {isa = PBXFileReference; lastKnownFileType = sourcecode.cpp.cpp; path = main.cpp; sourceTree = "<group>"; };
		3B8609C125121760002A20D2 /* boj2156 */ = {isa = PBXFileReference; explicitFileType = "compiled.mach-o.executable"; includeInIndex = 0; path = boj2156; sourceTree = BUILT_PRODUCTS_DIR; };
		3B8609C325121760002A20D2 /* main.cpp */ = {isa = PBXFileReference; lastKnownFileType = sourcecode.cpp.cpp; path = main.cpp; sourceTree = "<group>"; };
		3B8609CC251234D4002A20D2 /* boj11053 */ = {isa = PBXFileReference; explicitFileType = "compiled.mach-o.executable"; includeInIndex = 0; path = boj11053; sourceTree = BUILT_PRODUCTS_DIR; };
		3B8609CE251234D4002A20D2 /* main.cpp */ = {isa = PBXFileReference; lastKnownFileType = sourcecode.cpp.cpp; path = main.cpp; sourceTree = "<group>"; };
		3B8609D7251242DB002A20D2 /* boj11054 */ = {isa = PBXFileReference; explicitFileType = "compiled.mach-o.executable"; includeInIndex = 0; path = boj11054; sourceTree = BUILT_PRODUCTS_DIR; };
		3B8609D9251242DC002A20D2 /* main.cpp */ = {isa = PBXFileReference; lastKnownFileType = sourcecode.cpp.cpp; path = main.cpp; sourceTree = "<group>"; };
		3B99385C250CC35000D0D8D2 /* main.cpp */ = {isa = PBXFileReference; lastKnownFileType = sourcecode.cpp.cpp; path = main.cpp; sourceTree = "<group>"; };
		3B993867250DA94100D0D8D2 /* main.cpp */ = {isa = PBXFileReference; lastKnownFileType = sourcecode.cpp.cpp; path = main.cpp; sourceTree = "<group>"; };
		3B993872250DB02A00D0D8D2 /* main.cpp */ = {isa = PBXFileReference; lastKnownFileType = sourcecode.cpp.cpp; path = main.cpp; sourceTree = "<group>"; };
		3B99387D250DB5AC00D0D8D2 /* main.cpp */ = {isa = PBXFileReference; lastKnownFileType = sourcecode.cpp.cpp; path = main.cpp; sourceTree = "<group>"; };
		3B993893250DC39700D0D8D2 /* main.cpp */ = {isa = PBXFileReference; lastKnownFileType = sourcecode.cpp.cpp; path = main.cpp; sourceTree = "<group>"; };
		3BA8E07924BAE53C005A23E7 /* main.cpp */ = {isa = PBXFileReference; lastKnownFileType = sourcecode.cpp.cpp; path = main.cpp; sourceTree = "<group>"; };
		3BA8E08424BAE5C3005A23E7 /* main.cpp */ = {isa = PBXFileReference; lastKnownFileType = sourcecode.cpp.cpp; path = main.cpp; sourceTree = "<group>"; };
		3BA8E08F24BAE7E3005A23E7 /* main.cpp */ = {isa = PBXFileReference; lastKnownFileType = sourcecode.cpp.cpp; path = main.cpp; sourceTree = "<group>"; };
		3BA8E09A24BAE9BA005A23E7 /* main.cpp */ = {isa = PBXFileReference; lastKnownFileType = sourcecode.cpp.cpp; path = main.cpp; sourceTree = "<group>"; };
		3BA8E0A524BAEF1D005A23E7 /* main.cpp */ = {isa = PBXFileReference; lastKnownFileType = sourcecode.cpp.cpp; path = main.cpp; sourceTree = "<group>"; };
		3BA8E0B024BB0F82005A23E7 /* main.cpp */ = {isa = PBXFileReference; lastKnownFileType = sourcecode.cpp.cpp; path = main.cpp; sourceTree = "<group>"; };
		3BA8E0BB24BB24A8005A23E7 /* main.cpp */ = {isa = PBXFileReference; lastKnownFileType = sourcecode.cpp.cpp; path = main.cpp; sourceTree = "<group>"; };
		3BA8E0C624BB2747005A23E7 /* main.cpp */ = {isa = PBXFileReference; lastKnownFileType = sourcecode.cpp.cpp; path = main.cpp; sourceTree = "<group>"; };
		3BA8E0D124BB29D1005A23E7 /* main.cpp */ = {isa = PBXFileReference; lastKnownFileType = sourcecode.cpp.cpp; path = main.cpp; sourceTree = "<group>"; };
		3BA8E0DC24BB2D50005A23E7 /* main.cpp */ = {isa = PBXFileReference; lastKnownFileType = sourcecode.cpp.cpp; path = main.cpp; sourceTree = "<group>"; };
		3BA8E0E724BB3BA4005A23E7 /* main.cpp */ = {isa = PBXFileReference; lastKnownFileType = sourcecode.cpp.cpp; path = main.cpp; sourceTree = "<group>"; };
		3BA8E0F224BB4E72005A23E7 /* main.cpp */ = {isa = PBXFileReference; lastKnownFileType = sourcecode.cpp.cpp; path = main.cpp; sourceTree = "<group>"; };
		3BA8E0FD24BC253D005A23E7 /* main.cpp */ = {isa = PBXFileReference; lastKnownFileType = sourcecode.cpp.cpp; path = main.cpp; sourceTree = "<group>"; };
		3BA8E10824BC2D9E005A23E7 /* main.cpp */ = {isa = PBXFileReference; lastKnownFileType = sourcecode.cpp.cpp; path = main.cpp; sourceTree = "<group>"; };
		3BA8E11324BC3437005A23E7 /* main.cpp */ = {isa = PBXFileReference; lastKnownFileType = sourcecode.cpp.cpp; path = main.cpp; sourceTree = "<group>"; };
		3BA8E11E24BC3CD0005A23E7 /* main.cpp */ = {isa = PBXFileReference; lastKnownFileType = sourcecode.cpp.cpp; path = main.cpp; sourceTree = "<group>"; };
		3BA8E12924BC4413005A23E7 /* main.cpp */ = {isa = PBXFileReference; lastKnownFileType = sourcecode.cpp.cpp; path = main.cpp; sourceTree = "<group>"; };
		3BA8E13424BC7F60005A23E7 /* main.cpp */ = {isa = PBXFileReference; lastKnownFileType = sourcecode.cpp.cpp; path = main.cpp; sourceTree = "<group>"; };
		3BA8E13F24BC8A33005A23E7 /* main.cpp */ = {isa = PBXFileReference; lastKnownFileType = sourcecode.cpp.cpp; path = main.cpp; sourceTree = "<group>"; };
		3BA8E14A24BD990F005A23E7 /* main.cpp */ = {isa = PBXFileReference; lastKnownFileType = sourcecode.cpp.cpp; path = main.cpp; sourceTree = "<group>"; };
		3BA8E15524BDAB0A005A23E7 /* main.cpp */ = {isa = PBXFileReference; lastKnownFileType = sourcecode.cpp.cpp; path = main.cpp; sourceTree = "<group>"; };
		3BAD4D3525069A2F00CF1DEE /* main.cpp */ = {isa = PBXFileReference; lastKnownFileType = sourcecode.cpp.cpp; path = main.cpp; sourceTree = "<group>"; };
		3BAD4D4025075E8700CF1DEE /* main.cpp */ = {isa = PBXFileReference; lastKnownFileType = sourcecode.cpp.cpp; path = main.cpp; sourceTree = "<group>"; };
		3BAD4D4B250A05C400CF1DEE /* main.cpp */ = {isa = PBXFileReference; lastKnownFileType = sourcecode.cpp.cpp; path = main.cpp; sourceTree = "<group>"; };
		3BAD4D56250A4BF300CF1DEE /* main.cpp */ = {isa = PBXFileReference; lastKnownFileType = sourcecode.cpp.cpp; path = main.cpp; sourceTree = "<group>"; };
		3BAD4D62250BA9A700CF1DEE /* main.cpp */ = {isa = PBXFileReference; lastKnownFileType = sourcecode.cpp.cpp; path = main.cpp; sourceTree = "<group>"; };
		3BAD4D78250C88B100CF1DEE /* main.cpp */ = {isa = PBXFileReference; lastKnownFileType = sourcecode.cpp.cpp; path = main.cpp; sourceTree = "<group>"; };
		3BAD4D83250CA6C100CF1DEE /* main.cpp */ = {isa = PBXFileReference; lastKnownFileType = sourcecode.cpp.cpp; path = main.cpp; sourceTree = "<group>"; };
		3BBB635B2513B48D00A6C9FD /* boj11725 */ = {isa = PBXFileReference; explicitFileType = "compiled.mach-o.executable"; includeInIndex = 0; path = boj11725; sourceTree = BUILT_PRODUCTS_DIR; };
		3BBB635D2513B48D00A6C9FD /* main.cpp */ = {isa = PBXFileReference; lastKnownFileType = sourcecode.cpp.cpp; path = main.cpp; sourceTree = "<group>"; };
		3BBB63702518974100A6C9FD /* boj1167 */ = {isa = PBXFileReference; explicitFileType = "compiled.mach-o.executable"; includeInIndex = 0; path = boj1167; sourceTree = BUILT_PRODUCTS_DIR; };
		3BBB63722518974100A6C9FD /* main.cpp */ = {isa = PBXFileReference; lastKnownFileType = sourcecode.cpp.cpp; path = main.cpp; sourceTree = "<group>"; };
		3BBB63872518A35C00A6C9FD /* boj1967 */ = {isa = PBXFileReference; explicitFileType = "compiled.mach-o.executable"; includeInIndex = 0; path = boj1967; sourceTree = BUILT_PRODUCTS_DIR; };
		3BBB63892518A35C00A6C9FD /* main.cpp */ = {isa = PBXFileReference; lastKnownFileType = sourcecode.cpp.cpp; path = main.cpp; sourceTree = "<group>"; };
		3BBB63A02518D25B00A6C9FD /* boj1991 */ = {isa = PBXFileReference; explicitFileType = "compiled.mach-o.executable"; includeInIndex = 0; path = boj1991; sourceTree = BUILT_PRODUCTS_DIR; };
		3BBB63A22518D25B00A6C9FD /* main.cpp */ = {isa = PBXFileReference; lastKnownFileType = sourcecode.cpp.cpp; path = main.cpp; sourceTree = "<group>"; };
		3BBB63BB2518DA3800A6C9FD /* boj2263 */ = {isa = PBXFileReference; explicitFileType = "compiled.mach-o.executable"; includeInIndex = 0; path = boj2263; sourceTree = BUILT_PRODUCTS_DIR; };
		3BBB63BD2518DA3800A6C9FD /* main.cpp */ = {isa = PBXFileReference; lastKnownFileType = sourcecode.cpp.cpp; path = main.cpp; sourceTree = "<group>"; };
		3BBB63CF2519EE4F00A6C9FD /* boj5639 */ = {isa = PBXFileReference; explicitFileType = "compiled.mach-o.executable"; includeInIndex = 0; path = boj5639; sourceTree = BUILT_PRODUCTS_DIR; };
		3BBB63D12519EE4F00A6C9FD /* main.cpp */ = {isa = PBXFileReference; lastKnownFileType = sourcecode.cpp.cpp; path = main.cpp; sourceTree = "<group>"; };
		3BCE92D225022B1600FADBFD /* main.cpp */ = {isa = PBXFileReference; lastKnownFileType = sourcecode.cpp.cpp; path = main.cpp; sourceTree = "<group>"; };
		3BCE92DD2502374300FADBFD /* main.cpp */ = {isa = PBXFileReference; lastKnownFileType = sourcecode.cpp.cpp; path = main.cpp; sourceTree = "<group>"; };
		3BCE92E8250254B900FADBFD /* main.cpp */ = {isa = PBXFileReference; lastKnownFileType = sourcecode.cpp.cpp; path = main.cpp; sourceTree = "<group>"; };
		3BE9647124C17001007C5400 /* main.cpp */ = {isa = PBXFileReference; lastKnownFileType = sourcecode.cpp.cpp; path = main.cpp; sourceTree = "<group>"; };
		3BE9647A24C18DE2007C5400 /* temp */ = {isa = PBXFileReference; explicitFileType = "compiled.mach-o.executable"; includeInIndex = 0; path = temp; sourceTree = BUILT_PRODUCTS_DIR; };
		3BE9647C24C18DE2007C5400 /* main.cpp */ = {isa = PBXFileReference; lastKnownFileType = sourcecode.cpp.cpp; path = main.cpp; sourceTree = "<group>"; };
		3BE9648824C2D505007C5400 /* main.cpp */ = {isa = PBXFileReference; lastKnownFileType = sourcecode.cpp.cpp; path = main.cpp; sourceTree = "<group>"; };
		3BE9649324C573A5007C5400 /* main.cpp */ = {isa = PBXFileReference; lastKnownFileType = sourcecode.cpp.cpp; path = main.cpp; sourceTree = "<group>"; };
		3BE9649E24C57899007C5400 /* main.cpp */ = {isa = PBXFileReference; lastKnownFileType = sourcecode.cpp.cpp; path = main.cpp; sourceTree = "<group>"; };
		3BE964A924E5656F007C5400 /* main.cpp */ = {isa = PBXFileReference; lastKnownFileType = sourcecode.cpp.cpp; path = main.cpp; sourceTree = "<group>"; };
		3BE964B424E68DC6007C5400 /* main.cpp */ = {isa = PBXFileReference; lastKnownFileType = sourcecode.cpp.cpp; path = main.cpp; sourceTree = "<group>"; };
		3BE964BF24E69824007C5400 /* main.cpp */ = {isa = PBXFileReference; lastKnownFileType = sourcecode.cpp.cpp; path = main.cpp; sourceTree = "<group>"; };
		3BE964CA24F3CAB6007C5400 /* main.cpp */ = {isa = PBXFileReference; lastKnownFileType = sourcecode.cpp.cpp; path = main.cpp; sourceTree = "<group>"; };
		3BE964D524F3EA6F007C5400 /* main.cpp */ = {isa = PBXFileReference; lastKnownFileType = sourcecode.cpp.cpp; path = main.cpp; sourceTree = "<group>"; };
		3BE964E024F3EF2D007C5400 /* main.cpp */ = {isa = PBXFileReference; lastKnownFileType = sourcecode.cpp.cpp; path = main.cpp; sourceTree = "<group>"; };
		3BE964EB24F3F332007C5400 /* main.cpp */ = {isa = PBXFileReference; lastKnownFileType = sourcecode.cpp.cpp; path = main.cpp; sourceTree = "<group>"; };
		3BE964F624F3F8F1007C5400 /* main.cpp */ = {isa = PBXFileReference; lastKnownFileType = sourcecode.cpp.cpp; path = main.cpp; sourceTree = "<group>"; };
		3BE9650124F7CF91007C5400 /* main.cpp */ = {isa = PBXFileReference; lastKnownFileType = sourcecode.cpp.cpp; path = main.cpp; sourceTree = "<group>"; };
/* End PBXFileReference section */

/* Begin PBXFrameworksBuildPhase section */
		3B8609BE25121760002A20D2 /* Frameworks */ = {
			isa = PBXFrameworksBuildPhase;
			buildActionMask = 2147483647;
			files = (
			);
			runOnlyForDeploymentPostprocessing = 0;
		};
		3B8609C9251234D4002A20D2 /* Frameworks */ = {
			isa = PBXFrameworksBuildPhase;
			buildActionMask = 2147483647;
			files = (
			);
			runOnlyForDeploymentPostprocessing = 0;
		};
		3B8609D4251242DB002A20D2 /* Frameworks */ = {
			isa = PBXFrameworksBuildPhase;
			buildActionMask = 2147483647;
			files = (
			);
			runOnlyForDeploymentPostprocessing = 0;
		};
		3BBB63582513B48D00A6C9FD /* Frameworks */ = {
			isa = PBXFrameworksBuildPhase;
			buildActionMask = 2147483647;
			files = (
			);
			runOnlyForDeploymentPostprocessing = 0;
		};
		3BBB636D2518974100A6C9FD /* Frameworks */ = {
			isa = PBXFrameworksBuildPhase;
			buildActionMask = 2147483647;
			files = (
			);
			runOnlyForDeploymentPostprocessing = 0;
		};
		3BBB63842518A35C00A6C9FD /* Frameworks */ = {
			isa = PBXFrameworksBuildPhase;
			buildActionMask = 2147483647;
			files = (
			);
			runOnlyForDeploymentPostprocessing = 0;
		};
		3BBB639D2518D25B00A6C9FD /* Frameworks */ = {
			isa = PBXFrameworksBuildPhase;
			buildActionMask = 2147483647;
			files = (
			);
			runOnlyForDeploymentPostprocessing = 0;
		};
		3BBB63B82518DA3800A6C9FD /* Frameworks */ = {
			isa = PBXFrameworksBuildPhase;
			buildActionMask = 2147483647;
			files = (
			);
			runOnlyForDeploymentPostprocessing = 0;
		};
		3BBB63CC2519EE4F00A6C9FD /* Frameworks */ = {
			isa = PBXFrameworksBuildPhase;
			buildActionMask = 2147483647;
			files = (
			);
			runOnlyForDeploymentPostprocessing = 0;
		};
		3BE9647724C18DE2007C5400 /* Frameworks */ = {
			isa = PBXFrameworksBuildPhase;
			buildActionMask = 2147483647;
			files = (
			);
			runOnlyForDeploymentPostprocessing = 0;
		};
/* End PBXFrameworksBuildPhase section */

/* Begin PBXGroup section */
		3B1E83EC24AF549E005AE9EB /* codeup1029 */ = {
			isa = PBXGroup;
			children = (
				3B1E83ED24AF549E005AE9EB /* main.cpp */,
			);
			path = codeup1029;
			sourceTree = "<group>";
		};
		3B1E83F724AF5708005AE9EB /* codeup1026 */ = {
			isa = PBXGroup;
			children = (
				3B1E83F824AF5708005AE9EB /* main.cpp */,
			);
			path = codeup1026;
			sourceTree = "<group>";
		};
		3B1E840224AF58A6005AE9EB /* codeup1037 */ = {
			isa = PBXGroup;
			children = (
				3B1E840324AF58A6005AE9EB /* main.cpp */,
			);
			path = codeup1037;
			sourceTree = "<group>";
		};
		3B1E840D24AF5AE4005AE9EB /* codeup1038 */ = {
			isa = PBXGroup;
			children = (
				3B1E840E24AF5AE4005AE9EB /* main.cpp */,
			);
			path = codeup1038;
			sourceTree = "<group>";
		};
		3B1E841824B0507A005AE9EB /* codeup1044 */ = {
			isa = PBXGroup;
			children = (
				3B1E841924B0507A005AE9EB /* main.cpp */,
			);
			path = codeup1044;
			sourceTree = "<group>";
		};
		3B1E842324B0517B005AE9EB /* codeup1045 */ = {
			isa = PBXGroup;
			children = (
				3B1E842424B0517B005AE9EB /* main.cpp */,
			);
			path = codeup1045;
			sourceTree = "<group>";
		};
		3B1E842E24B0542B005AE9EB /* codeup1046 */ = {
			isa = PBXGroup;
			children = (
				3B1E842F24B0542B005AE9EB /* main.cpp */,
			);
			path = codeup1046;
			sourceTree = "<group>";
		};
		3B1E843924B055A4005AE9EB /* codeup1048 */ = {
			isa = PBXGroup;
			children = (
				3B1E843A24B055A4005AE9EB /* main.cpp */,
			);
			path = codeup1048;
			sourceTree = "<group>";
		};
		3B1E844424B059B2005AE9EB /* codeup1049 */ = {
			isa = PBXGroup;
			children = (
				3B1E844524B059B2005AE9EB /* main.cpp */,
			);
			path = codeup1049;
			sourceTree = "<group>";
		};
		3B1E844F24B05ABE005AE9EB /* codeup1050 */ = {
			isa = PBXGroup;
			children = (
				3B1E845024B05ABE005AE9EB /* main.cpp */,
			);
			path = codeup1050;
			sourceTree = "<group>";
		};
		3B1E845A24B05B0B005AE9EB /* codeup1058 */ = {
			isa = PBXGroup;
			children = (
				3B1E845B24B05B0B005AE9EB /* main.cpp */,
			);
			path = codeup1058;
			sourceTree = "<group>";
		};
		3B1E846524B05D00005AE9EB /* codeup1060 */ = {
			isa = PBXGroup;
			children = (
				3B1E846624B05D00005AE9EB /* main.cpp */,
			);
			path = codeup1060;
			sourceTree = "<group>";
		};
		3B1E847024B05E23005AE9EB /* codeup1056 */ = {
			isa = PBXGroup;
			children = (
				3B1E847124B05E23005AE9EB /* main.cpp */,
			);
			path = codeup1056;
			sourceTree = "<group>";
		};
		3B1E847B24B05E77005AE9EB /* codeup1057 */ = {
			isa = PBXGroup;
			children = (
				3B1E847C24B05E77005AE9EB /* main.cpp */,
			);
			path = codeup1057;
			sourceTree = "<group>";
		};
		3B1E848624B05FB3005AE9EB /* codeup1059 */ = {
			isa = PBXGroup;
			children = (
				3B1E848724B05FB3005AE9EB /* main.cpp */,
			);
			path = codeup1059;
			sourceTree = "<group>";
		};
		3B1E849124B06005005AE9EB /* codeup1061 */ = {
			isa = PBXGroup;
			children = (
				3B1E849224B06005005AE9EB /* main.cpp */,
			);
			path = codeup1061;
			sourceTree = "<group>";
		};
		3B1E849C24B06082005AE9EB /* codeup1062 */ = {
			isa = PBXGroup;
			children = (
				3B1E849D24B06082005AE9EB /* main.cpp */,
			);
			path = codeup1062;
			sourceTree = "<group>";
		};
		3B1E84A724B06306005AE9EB /* codeup1064 */ = {
			isa = PBXGroup;
			children = (
				3B1E84A824B06306005AE9EB /* main.cpp */,
			);
			path = codeup1064;
			sourceTree = "<group>";
		};
		3B1E84B224B063F0005AE9EB /* codeup1069 */ = {
			isa = PBXGroup;
			children = (
				3B1E84B324B063F0005AE9EB /* main.cpp */,
			);
			path = codeup1069;
			sourceTree = "<group>";
		};
		3B1E84BD24B065D3005AE9EB /* codeup1071 */ = {
			isa = PBXGroup;
			children = (
				3B1E84BE24B065D4005AE9EB /* main.cpp */,
			);
			path = codeup1071;
			sourceTree = "<group>";
		};
		3B1E84C824B066DA005AE9EB /* codeup1076 */ = {
			isa = PBXGroup;
			children = (
				3B1E84C924B066DA005AE9EB /* main.cpp */,
			);
			path = codeup1076;
			sourceTree = "<group>";
		};
		3B1E84D324B069B9005AE9EB /* codeup1079 */ = {
			isa = PBXGroup;
			children = (
				3B1E84D424B069B9005AE9EB /* main.cpp */,
			);
			path = codeup1079;
			sourceTree = "<group>";
		};
		3B1E84DE24B06EA5005AE9EB /* codeup1081 */ = {
			isa = PBXGroup;
			children = (
				3B1E84DF24B06EA5005AE9EB /* main.cpp */,
			);
			path = codeup1081;
			sourceTree = "<group>";
		};
		3B1E84E924B0AE3B005AE9EB /* codeup1082 */ = {
			isa = PBXGroup;
			children = (
				3B1E84EA24B0AE3B005AE9EB /* main.cpp */,
			);
			path = codeup1082;
			sourceTree = "<group>";
		};
		3B1E84F424B0B5A3005AE9EB /* codeup1083 */ = {
			isa = PBXGroup;
			children = (
				3B1E84F524B0B5A3005AE9EB /* main.cpp */,
			);
			path = codeup1083;
			sourceTree = "<group>";
		};
		3B1E84FF24B0B6F2005AE9EB /* codeup1084 */ = {
			isa = PBXGroup;
			children = (
				3B1E850024B0B6F2005AE9EB /* main.cpp */,
			);
			path = codeup1084;
			sourceTree = "<group>";
		};
		3B1E850A24B0BA09005AE9EB /* codeup1085 */ = {
			isa = PBXGroup;
			children = (
				3B1E850B24B0BA09005AE9EB /* main.cpp */,
			);
			path = codeup1085;
			sourceTree = "<group>";
		};
		3B1E851524B0BB75005AE9EB /* codeup1086 */ = {
			isa = PBXGroup;
			children = (
				3B1E851624B0BB75005AE9EB /* main.cpp */,
			);
			path = codeup1086;
			sourceTree = "<group>";
		};
		3B1E852024B0BBC7005AE9EB /* codeup1087 */ = {
			isa = PBXGroup;
			children = (
				3B1E852124B0BBC7005AE9EB /* main.cpp */,
			);
			path = codeup1087;
			sourceTree = "<group>";
		};
		3B1E852B24B0BC7B005AE9EB /* codeup1089 */ = {
			isa = PBXGroup;
			children = (
				3B1E852C24B0BC7B005AE9EB /* main.cpp */,
			);
			path = codeup1089;
			sourceTree = "<group>";
		};
		3B1E853624B0BD7F005AE9EB /* codeup1090 */ = {
			isa = PBXGroup;
			children = (
				3B1E853724B0BD7F005AE9EB /* main.cpp */,
			);
			path = codeup1090;
			sourceTree = "<group>";
		};
		3B1E854124B0BDDC005AE9EB /* codeup1091 */ = {
			isa = PBXGroup;
			children = (
				3B1E854224B0BDDC005AE9EB /* main.cpp */,
			);
			path = codeup1091;
			sourceTree = "<group>";
		};
		3B1E854C24B0BF5C005AE9EB /* codeup1092 */ = {
			isa = PBXGroup;
			children = (
				3B1E854D24B0BF5C005AE9EB /* main.cpp */,
			);
			path = codeup1092;
			sourceTree = "<group>";
		};
		3B1E855724B0C02A005AE9EB /* codeup1093 */ = {
			isa = PBXGroup;
			children = (
				3B1E855824B0C02A005AE9EB /* main.cpp */,
			);
			path = codeup1093;
			sourceTree = "<group>";
		};
		3B1E856224B0C094005AE9EB /* codeup1094 */ = {
			isa = PBXGroup;
			children = (
				3B1E856324B0C094005AE9EB /* main.cpp */,
			);
			path = codeup1094;
			sourceTree = "<group>";
		};
		3B1E856D24B0C125005AE9EB /* codeup1095 */ = {
			isa = PBXGroup;
			children = (
				3B1E856E24B0C125005AE9EB /* main.cpp */,
			);
			path = codeup1095;
			sourceTree = "<group>";
		};
		3B1E857824B0C925005AE9EB /* codeup1096 */ = {
			isa = PBXGroup;
			children = (
				3B1E857924B0C925005AE9EB /* main.cpp */,
			);
			path = codeup1096;
			sourceTree = "<group>";
		};
		3B1E858324B0C9E3005AE9EB /* codeup1097 */ = {
			isa = PBXGroup;
			children = (
				3B1E858424B0C9E3005AE9EB /* main.cpp */,
			);
			path = codeup1097;
			sourceTree = "<group>";
		};
		3B1E858E24B0CD2D005AE9EB /* codeup1098 */ = {
			isa = PBXGroup;
			children = (
				3B1E858F24B0CD2D005AE9EB /* main.cpp */,
			);
			path = codeup1098;
			sourceTree = "<group>";
		};
		3B1E859924B0D6A2005AE9EB /* codeup1099 */ = {
			isa = PBXGroup;
			children = (
				3B1E859A24B0D6A2005AE9EB /* main.cpp */,
			);
			path = codeup1099;
			sourceTree = "<group>";
		};
		3B1E85A024B6E3D2005AE9EB /* codeup */ = {
			isa = PBXGroup;
			children = (
				3B1E83EC24AF549E005AE9EB /* codeup1029 */,
				3B1E83F724AF5708005AE9EB /* codeup1026 */,
				3B1E840224AF58A6005AE9EB /* codeup1037 */,
				3B1E840D24AF5AE4005AE9EB /* codeup1038 */,
				3B1E841824B0507A005AE9EB /* codeup1044 */,
				3B1E842324B0517B005AE9EB /* codeup1045 */,
				3B1E842E24B0542B005AE9EB /* codeup1046 */,
				3B1E843924B055A4005AE9EB /* codeup1048 */,
				3B1E844424B059B2005AE9EB /* codeup1049 */,
				3B1E844F24B05ABE005AE9EB /* codeup1050 */,
				3B1E845A24B05B0B005AE9EB /* codeup1058 */,
				3B1E846524B05D00005AE9EB /* codeup1060 */,
				3B1E847024B05E23005AE9EB /* codeup1056 */,
				3B1E847B24B05E77005AE9EB /* codeup1057 */,
				3B1E848624B05FB3005AE9EB /* codeup1059 */,
				3B1E849124B06005005AE9EB /* codeup1061 */,
				3B1E849C24B06082005AE9EB /* codeup1062 */,
				3B1E84A724B06306005AE9EB /* codeup1064 */,
				3B1E84B224B063F0005AE9EB /* codeup1069 */,
				3B1E84BD24B065D3005AE9EB /* codeup1071 */,
				3B1E84C824B066DA005AE9EB /* codeup1076 */,
				3B1E84D324B069B9005AE9EB /* codeup1079 */,
				3B1E84DE24B06EA5005AE9EB /* codeup1081 */,
				3B1E84E924B0AE3B005AE9EB /* codeup1082 */,
				3B1E84F424B0B5A3005AE9EB /* codeup1083 */,
				3B1E84FF24B0B6F2005AE9EB /* codeup1084 */,
				3B1E850A24B0BA09005AE9EB /* codeup1085 */,
				3B1E851524B0BB75005AE9EB /* codeup1086 */,
				3B1E852024B0BBC7005AE9EB /* codeup1087 */,
				3B1E852B24B0BC7B005AE9EB /* codeup1089 */,
				3B1E853624B0BD7F005AE9EB /* codeup1090 */,
				3B1E854124B0BDDC005AE9EB /* codeup1091 */,
				3B1E854C24B0BF5C005AE9EB /* codeup1092 */,
				3B1E855724B0C02A005AE9EB /* codeup1093 */,
				3B1E856224B0C094005AE9EB /* codeup1094 */,
				3B1E856D24B0C125005AE9EB /* codeup1095 */,
				3B1E857824B0C925005AE9EB /* codeup1096 */,
				3B1E858324B0C9E3005AE9EB /* codeup1097 */,
				3B1E858E24B0CD2D005AE9EB /* codeup1098 */,
				3B1E859924B0D6A2005AE9EB /* codeup1099 */,
			);
			path = codeup;
			sourceTree = "<group>";
		};
		3B1E85A124B6E3EA005AE9EB /* boj */ = {
			isa = PBXGroup;
			children = (
				3BBB63A12518D25B00A6C9FD /* boj1991(tree) */,
				3BBB63BC2518DA3800A6C9FD /* boj2263(tree) */,
				3BBB63D02519EE4F00A6C9FD /* boj5639(tree) */,
				3BBB63712518974100A6C9FD /* boj1167(tree) */,
				3BBB63882518A35C00A6C9FD /* boj1967(tree) */,
				3B8609C225121760002A20D2 /* boj2156(dp) */,
				3B8609CD251234D4002A20D2 /* boj11053(dp) */,
				3B8609D8251242DB002A20D2 /* boj11054(dp) */,
				3BBB635C2513B48D00A6C9FD /* boj11725(tree, bfs) */,
				3BAD4D4A250A05C400CF1DEE /* boj5052(trie) */,
				3BCE92DC2502374300FADBFD /* boj2805(binarysearch) */,
				3BCE92D125022B1600FADBFD /* boj1654(binarysearch) */,
				3B7C861324FE741400249ADC /* boj10816(binarysearch) */,
				3B7C860824FE560600249ADC /* boj1920(binarysearch) */,
				3B7C85FD24FE247500249ADC /* boj10844(dp) */,
				3B7C85F224FD1AC000249ADC /* boj1463(dp) */,
				3B7C85E724FCFDC100249ADC /* boj2579(dp) */,
				3B7C85DC24FCF85100249ADC /* boj1932(dp) */,
				3B7C85D124FCEDF500249ADC /* boj1149(dp) */,
				3B7C85C624FCECE000249ADC /* boj9461(dp) */,
				3B7C85BB24FCE56800249ADC /* boj1904(dp) */,
				3B7C85B024FCDE1300249ADC /* boj1003(dp) */,
				3B7C85A524FCD23400249ADC /* boj2748(dp) */,
				3B7C859A24FA875500249ADC /* boj14889(backtracking, combination) */,
				3B7C858F24FA7F4000249ADC /* boj14888(bruteforce, backtracking) */,
				3BE9650024F7CF91007C5400 /* boj2580(backtracking, sudoku) */,
				3BE964F524F3F8F1007C5400 /* boj9663(backtracking) */,
				3BE964C924F3CAB6007C5400 /* boj15649(backtracking) */,
				3BE964D424F3EA6F007C5400 /* boj12650(backtracking) */,
				3BE964DF24F3EF2D007C5400 /* boj15651(backtracking) */,
				3BE964EA24F3F332007C5400 /* boj15652(backtracking) */,
				3BE964BE24E69824007C5400 /* boj1436(brute force) */,
				3BE964B324E68DC6007C5400 /* boj1018(brute force) */,
				3BE9649D24C57899007C5400 /* boj7568(brute force) */,
				3BE964A824E5656F007C5400 /* boj13023(vector,dfs) */,
				3BE9649224C573A5007C5400 /* boj2231(brute force) */,
				3BE9647024C17001007C5400 /* boj7562(bfs) */,
				3BE9648724C2D505007C5400 /* boj2798(brute force) */,
				3B80C1E824BEB858001BB51F /* boj1795(bfs) */,
				3B80C21424C044CC001BB51F /* boj11729(recursive,hanoi) */,
				3B80C20924BED23E001BB51F /* boj2447(recursive) */,
				3B80C1FE24BED076001BB51F /* boj10870 */,
				3B80C1F324BECD29001BB51F /* boj10872 */,
				3BA8E14924BD990F005A23E7 /* boj11724(dfs) */,
				3BA8E15424BDAB0A005A23E7 /* boj4963(dfs) */,
				3BA8E0E624BB3BA4005A23E7 /* boj9935 */,
				3BA8E0F124BB4E72005A23E7 /* boj1062 */,
				3BA8E0FC24BC253D005A23E7 /* boj1193 */,
				3BA8E10724BC2D9E005A23E7 /* boj2869 */,
				3BA8E11224BC3437005A23E7 /* boj10250 */,
				3BA8E11D24BC3CD0005A23E7 /* boj2775 */,
				3BA8E12824BC4413005A23E7 /* boj1011 */,
				3BA8E13324BC7F60005A23E7 /* boj2606 */,
				3BA8E13E24BC8A33005A23E7 /* boj2667(dfs) */,
				3BA8E07824BAE53C005A23E7 /* boj11654 */,
				3BA8E08324BAE5C3005A23E7 /* boj11720 */,
				3BA8E08E24BAE7E3005A23E7 /* boj10809 */,
				3BA8E09924BAE9BA005A23E7 /* boj2675 */,
				3BA8E0A424BAEF1D005A23E7 /* boj1157 */,
				3BA8E0AF24BB0F82005A23E7 /* boj1152 */,
				3BA8E0BA24BB24A8005A23E7 /* boj2908 */,
				3BA8E0C524BB2747005A23E7 /* boj5622 */,
				3BA8E0D024BB29D1005A23E7 /* boj2941 */,
				3BA8E0DB24BB2D50005A23E7 /* boj1316 */,
				3B1E85A724B6E44A005AE9EB /* boj11399 */,
				3B1E85B224B6E6CF005AE9EB /* boj11047 */,
				3B1E85BD24B6EFE7005AE9EB /* boj1931 */,
				3B1E85C824B9947B005AE9EB /* boj5585 */,
				3B1E85D324B99693005AE9EB /* boj2217 */,
				3B1E85DE24B99BA3005AE9EB /* boj10610 */,
			);
			path = boj;
			sourceTree = "<group>";
		};
		3B1E85A724B6E44A005AE9EB /* boj11399 */ = {
			isa = PBXGroup;
			children = (
				3B1E85A824B6E44A005AE9EB /* main.cpp */,
			);
			path = boj11399;
			sourceTree = "<group>";
		};
		3B1E85B224B6E6CF005AE9EB /* boj11047 */ = {
			isa = PBXGroup;
			children = (
				3B1E85B324B6E6CF005AE9EB /* main.cpp */,
			);
			path = boj11047;
			sourceTree = "<group>";
		};
		3B1E85BD24B6EFE7005AE9EB /* boj1931 */ = {
			isa = PBXGroup;
			children = (
				3B1E85BE24B6EFE7005AE9EB /* main.cpp */,
			);
			path = boj1931;
			sourceTree = "<group>";
		};
		3B1E85C824B9947B005AE9EB /* boj5585 */ = {
			isa = PBXGroup;
			children = (
				3B1E85C924B9947B005AE9EB /* main.cpp */,
			);
			path = boj5585;
			sourceTree = "<group>";
		};
		3B1E85D324B99693005AE9EB /* boj2217 */ = {
			isa = PBXGroup;
			children = (
				3B1E85D424B99693005AE9EB /* main.cpp */,
			);
			path = boj2217;
			sourceTree = "<group>";
		};
		3B1E85DE24B99BA3005AE9EB /* boj10610 */ = {
			isa = PBXGroup;
			children = (
				3B1E85DF24B99BA3005AE9EB /* main.cpp */,
			);
			path = boj10610;
			sourceTree = "<group>";
		};
		3B2DE3FA24ADE18600536E02 = {
			isa = PBXGroup;
			children = (
				3B8609BC2511E1BA002A20D2 /* line */,
				3B8609BB2511E192002A20D2 /* 2021kakaoblind */,
				3BAD4D5B250BA99600CF1DEE /* 2019kakaoblind */,
				3BAD4D2E25038D6000CF1DEE /* 2020kakaoblind */,
				3B1E85A124B6E3EA005AE9EB /* boj */,
				3B1E85A024B6E3D2005AE9EB /* codeup */,
				3BE9647B24C18DE2007C5400 /* temp */,
				3B2DE40424ADE18600536E02 /* Products */,
			);
			sourceTree = "<group>";
		};
		3B2DE40424ADE18600536E02 /* Products */ = {
			isa = PBXGroup;
			children = (
				3BE9647A24C18DE2007C5400 /* temp */,
				3B8609C125121760002A20D2 /* boj2156 */,
				3B8609CC251234D4002A20D2 /* boj11053 */,
				3B8609D7251242DB002A20D2 /* boj11054 */,
				3BBB635B2513B48D00A6C9FD /* boj11725 */,
				3BBB63702518974100A6C9FD /* boj1167 */,
				3BBB63872518A35C00A6C9FD /* boj1967 */,
				3BBB63A02518D25B00A6C9FD /* boj1991 */,
				3BBB63BB2518DA3800A6C9FD /* boj2263 */,
				3BBB63CF2519EE4F00A6C9FD /* boj5639 */,
			);
			name = Products;
			sourceTree = "<group>";
		};
		3B7C858F24FA7F4000249ADC /* boj14888(bruteforce, backtracking) */ = {
			isa = PBXGroup;
			children = (
				3B7C859024FA7F4000249ADC /* main.cpp */,
			);
			path = "boj14888(bruteforce, backtracking)";
			sourceTree = "<group>";
		};
		3B7C859A24FA875500249ADC /* boj14889(backtracking, combination) */ = {
			isa = PBXGroup;
			children = (
				3B7C859B24FA875500249ADC /* main.cpp */,
			);
			path = "boj14889(backtracking, combination)";
			sourceTree = "<group>";
		};
		3B7C85A524FCD23400249ADC /* boj2748(dp) */ = {
			isa = PBXGroup;
			children = (
				3B7C85A624FCD23400249ADC /* main.cpp */,
			);
			path = "boj2748(dp)";
			sourceTree = "<group>";
		};
		3B7C85B024FCDE1300249ADC /* boj1003(dp) */ = {
			isa = PBXGroup;
			children = (
				3B7C85B124FCDE1400249ADC /* main.cpp */,
			);
			path = "boj1003(dp)";
			sourceTree = "<group>";
		};
		3B7C85BB24FCE56800249ADC /* boj1904(dp) */ = {
			isa = PBXGroup;
			children = (
				3B7C85BC24FCE56800249ADC /* main.cpp */,
			);
			path = "boj1904(dp)";
			sourceTree = "<group>";
		};
		3B7C85C624FCECE000249ADC /* boj9461(dp) */ = {
			isa = PBXGroup;
			children = (
				3B7C85C724FCECE000249ADC /* main.cpp */,
			);
			path = "boj9461(dp)";
			sourceTree = "<group>";
		};
		3B7C85D124FCEDF500249ADC /* boj1149(dp) */ = {
			isa = PBXGroup;
			children = (
				3B7C85D224FCEDF500249ADC /* main.cpp */,
			);
			path = "boj1149(dp)";
			sourceTree = "<group>";
		};
		3B7C85DC24FCF85100249ADC /* boj1932(dp) */ = {
			isa = PBXGroup;
			children = (
				3B7C85DD24FCF85100249ADC /* main.cpp */,
			);
			path = "boj1932(dp)";
			sourceTree = "<group>";
		};
		3B7C85E724FCFDC100249ADC /* boj2579(dp) */ = {
			isa = PBXGroup;
			children = (
				3B7C85E824FCFDC100249ADC /* main.cpp */,
			);
			path = "boj2579(dp)";
			sourceTree = "<group>";
		};
		3B7C85F224FD1AC000249ADC /* boj1463(dp) */ = {
			isa = PBXGroup;
			children = (
				3B7C85F324FD1AC000249ADC /* main.cpp */,
			);
			path = "boj1463(dp)";
			sourceTree = "<group>";
		};
		3B7C85FD24FE247500249ADC /* boj10844(dp) */ = {
			isa = PBXGroup;
			children = (
				3B7C85FE24FE247500249ADC /* main.cpp */,
			);
			path = "boj10844(dp)";
			sourceTree = "<group>";
		};
		3B7C860824FE560600249ADC /* boj1920(binarysearch) */ = {
			isa = PBXGroup;
			children = (
				3B7C860924FE560600249ADC /* main.cpp */,
			);
			path = "boj1920(binarysearch)";
			sourceTree = "<group>";
		};
		3B7C861324FE741400249ADC /* boj10816(binarysearch) */ = {
			isa = PBXGroup;
			children = (
				3B7C861424FE741400249ADC /* main.cpp */,
			);
			path = "boj10816(binarysearch)";
			sourceTree = "<group>";
		};
		3B80C1E824BEB858001BB51F /* boj1795(bfs) */ = {
			isa = PBXGroup;
			children = (
				3B80C1E924BEB858001BB51F /* main.cpp */,
			);
			path = "boj1795(bfs)";
			sourceTree = "<group>";
		};
		3B80C1F324BECD29001BB51F /* boj10872 */ = {
			isa = PBXGroup;
			children = (
				3B80C1F424BECD29001BB51F /* main.cpp */,
			);
			path = boj10872;
			sourceTree = "<group>";
		};
		3B80C1FE24BED076001BB51F /* boj10870 */ = {
			isa = PBXGroup;
			children = (
				3B80C1FF24BED076001BB51F /* main.cpp */,
			);
			path = boj10870;
			sourceTree = "<group>";
		};
		3B80C20924BED23E001BB51F /* boj2447(recursive) */ = {
			isa = PBXGroup;
			children = (
				3B80C20A24BED23E001BB51F /* main.cpp */,
			);
			path = "boj2447(recursive)";
			sourceTree = "<group>";
		};
		3B80C21424C044CC001BB51F /* boj11729(recursive,hanoi) */ = {
			isa = PBXGroup;
			children = (
				3B80C21524C044CC001BB51F /* main.cpp */,
			);
			path = "boj11729(recursive,hanoi)";
			sourceTree = "<group>";
		};
		3B8609BB2511E192002A20D2 /* 2021kakaoblind */ = {
			isa = PBXGroup;
			children = (
				3BAD4D77250C88B100CF1DEE /* q1 */,
				3BAD4D82250CA6C100CF1DEE /* q3 */,
				3B99385B250CC35000D0D8D2 /* q6 */,
			);
			path = 2021kakaoblind;
			sourceTree = "<group>";
		};
		3B8609BC2511E1BA002A20D2 /* line */ = {
			isa = PBXGroup;
			children = (
				3B993866250DA94100D0D8D2 /* deque */,
				3B993871250DB02A00D0D8D2 /* dfs */,
				3B99387C250DB5AC00D0D8D2 /* bfs */,
				3B993892250DC39700D0D8D2 /* card */,
			);
			path = line;
			sourceTree = "<group>";
		};
		3B8609C225121760002A20D2 /* boj2156(dp) */ = {
			isa = PBXGroup;
			children = (
				3B8609C325121760002A20D2 /* main.cpp */,
			);
			path = "boj2156(dp)";
			sourceTree = "<group>";
		};
		3B8609CD251234D4002A20D2 /* boj11053(dp) */ = {
			isa = PBXGroup;
			children = (
				3B8609CE251234D4002A20D2 /* main.cpp */,
			);
			path = "boj11053(dp)";
			sourceTree = "<group>";
		};
		3B8609D8251242DB002A20D2 /* boj11054(dp) */ = {
			isa = PBXGroup;
			children = (
				3B8609D9251242DC002A20D2 /* main.cpp */,
			);
			path = "boj11054(dp)";
			sourceTree = "<group>";
		};
		3B99385B250CC35000D0D8D2 /* q6 */ = {
			isa = PBXGroup;
			children = (
				3B99385C250CC35000D0D8D2 /* main.cpp */,
			);
			path = q6;
			sourceTree = "<group>";
		};
		3B993866250DA94100D0D8D2 /* deque */ = {
			isa = PBXGroup;
			children = (
				3B993867250DA94100D0D8D2 /* main.cpp */,
			);
			path = deque;
			sourceTree = "<group>";
		};
		3B993871250DB02A00D0D8D2 /* dfs */ = {
			isa = PBXGroup;
			children = (
				3B993872250DB02A00D0D8D2 /* main.cpp */,
			);
			path = dfs;
			sourceTree = "<group>";
		};
		3B99387C250DB5AC00D0D8D2 /* bfs */ = {
			isa = PBXGroup;
			children = (
				3B99387D250DB5AC00D0D8D2 /* main.cpp */,
			);
			path = bfs;
			sourceTree = "<group>";
		};
		3B993892250DC39700D0D8D2 /* card */ = {
			isa = PBXGroup;
			children = (
				3B993893250DC39700D0D8D2 /* main.cpp */,
			);
			path = card;
			sourceTree = "<group>";
		};
		3BA8E07824BAE53C005A23E7 /* boj11654 */ = {
			isa = PBXGroup;
			children = (
				3BA8E07924BAE53C005A23E7 /* main.cpp */,
			);
			path = boj11654;
			sourceTree = "<group>";
		};
		3BA8E08324BAE5C3005A23E7 /* boj11720 */ = {
			isa = PBXGroup;
			children = (
				3BA8E08424BAE5C3005A23E7 /* main.cpp */,
			);
			path = boj11720;
			sourceTree = "<group>";
		};
		3BA8E08E24BAE7E3005A23E7 /* boj10809 */ = {
			isa = PBXGroup;
			children = (
				3BA8E08F24BAE7E3005A23E7 /* main.cpp */,
			);
			path = boj10809;
			sourceTree = "<group>";
		};
		3BA8E09924BAE9BA005A23E7 /* boj2675 */ = {
			isa = PBXGroup;
			children = (
				3BA8E09A24BAE9BA005A23E7 /* main.cpp */,
			);
			path = boj2675;
			sourceTree = "<group>";
		};
		3BA8E0A424BAEF1D005A23E7 /* boj1157 */ = {
			isa = PBXGroup;
			children = (
				3BA8E0A524BAEF1D005A23E7 /* main.cpp */,
			);
			path = boj1157;
			sourceTree = "<group>";
		};
		3BA8E0AF24BB0F82005A23E7 /* boj1152 */ = {
			isa = PBXGroup;
			children = (
				3BA8E0B024BB0F82005A23E7 /* main.cpp */,
			);
			path = boj1152;
			sourceTree = "<group>";
		};
		3BA8E0BA24BB24A8005A23E7 /* boj2908 */ = {
			isa = PBXGroup;
			children = (
				3BA8E0BB24BB24A8005A23E7 /* main.cpp */,
			);
			path = boj2908;
			sourceTree = "<group>";
		};
		3BA8E0C524BB2747005A23E7 /* boj5622 */ = {
			isa = PBXGroup;
			children = (
				3BA8E0C624BB2747005A23E7 /* main.cpp */,
			);
			path = boj5622;
			sourceTree = "<group>";
		};
		3BA8E0D024BB29D1005A23E7 /* boj2941 */ = {
			isa = PBXGroup;
			children = (
				3BA8E0D124BB29D1005A23E7 /* main.cpp */,
			);
			path = boj2941;
			sourceTree = "<group>";
		};
		3BA8E0DB24BB2D50005A23E7 /* boj1316 */ = {
			isa = PBXGroup;
			children = (
				3BA8E0DC24BB2D50005A23E7 /* main.cpp */,
			);
			path = boj1316;
			sourceTree = "<group>";
		};
		3BA8E0E624BB3BA4005A23E7 /* boj9935 */ = {
			isa = PBXGroup;
			children = (
				3BA8E0E724BB3BA4005A23E7 /* main.cpp */,
			);
			path = boj9935;
			sourceTree = "<group>";
		};
		3BA8E0F124BB4E72005A23E7 /* boj1062 */ = {
			isa = PBXGroup;
			children = (
				3BA8E0F224BB4E72005A23E7 /* main.cpp */,
			);
			path = boj1062;
			sourceTree = "<group>";
		};
		3BA8E0FC24BC253D005A23E7 /* boj1193 */ = {
			isa = PBXGroup;
			children = (
				3BA8E0FD24BC253D005A23E7 /* main.cpp */,
			);
			path = boj1193;
			sourceTree = "<group>";
		};
		3BA8E10724BC2D9E005A23E7 /* boj2869 */ = {
			isa = PBXGroup;
			children = (
				3BA8E10824BC2D9E005A23E7 /* main.cpp */,
			);
			path = boj2869;
			sourceTree = "<group>";
		};
		3BA8E11224BC3437005A23E7 /* boj10250 */ = {
			isa = PBXGroup;
			children = (
				3BA8E11324BC3437005A23E7 /* main.cpp */,
			);
			path = boj10250;
			sourceTree = "<group>";
		};
		3BA8E11D24BC3CD0005A23E7 /* boj2775 */ = {
			isa = PBXGroup;
			children = (
				3BA8E11E24BC3CD0005A23E7 /* main.cpp */,
			);
			path = boj2775;
			sourceTree = "<group>";
		};
		3BA8E12824BC4413005A23E7 /* boj1011 */ = {
			isa = PBXGroup;
			children = (
				3BA8E12924BC4413005A23E7 /* main.cpp */,
			);
			path = boj1011;
			sourceTree = "<group>";
		};
		3BA8E13324BC7F60005A23E7 /* boj2606 */ = {
			isa = PBXGroup;
			children = (
				3BA8E13424BC7F60005A23E7 /* main.cpp */,
			);
			path = boj2606;
			sourceTree = "<group>";
		};
		3BA8E13E24BC8A33005A23E7 /* boj2667(dfs) */ = {
			isa = PBXGroup;
			children = (
				3BA8E13F24BC8A33005A23E7 /* main.cpp */,
			);
			path = "boj2667(dfs)";
			sourceTree = "<group>";
		};
		3BA8E14924BD990F005A23E7 /* boj11724(dfs) */ = {
			isa = PBXGroup;
			children = (
				3BA8E14A24BD990F005A23E7 /* main.cpp */,
			);
			path = "boj11724(dfs)";
			sourceTree = "<group>";
		};
		3BA8E15424BDAB0A005A23E7 /* boj4963(dfs) */ = {
			isa = PBXGroup;
			children = (
				3BA8E15524BDAB0A005A23E7 /* main.cpp */,
			);
			path = "boj4963(dfs)";
			sourceTree = "<group>";
		};
		3BAD4D2E25038D6000CF1DEE /* 2020kakaoblind */ = {
			isa = PBXGroup;
			children = (
				3BAD4D55250A4BF300CF1DEE /* q3 */,
				3BAD4D3F25075E8700CF1DEE /* q4 */,
				3BAD4D3425069A2F00CF1DEE /* q2 */,
				3BCE92E7250254B900FADBFD /* q1 */,
			);
			path = 2020kakaoblind;
			sourceTree = "<group>";
		};
		3BAD4D3425069A2F00CF1DEE /* q2 */ = {
			isa = PBXGroup;
			children = (
				3BAD4D3525069A2F00CF1DEE /* main.cpp */,
			);
			path = q2;
			sourceTree = "<group>";
		};
		3BAD4D3F25075E8700CF1DEE /* q4 */ = {
			isa = PBXGroup;
			children = (
				3BAD4D4025075E8700CF1DEE /* main.cpp */,
			);
			path = q4;
			sourceTree = "<group>";
		};
		3BAD4D4A250A05C400CF1DEE /* boj5052(trie) */ = {
			isa = PBXGroup;
			children = (
				3BAD4D4B250A05C400CF1DEE /* main.cpp */,
			);
			path = "boj5052(trie)";
			sourceTree = "<group>";
		};
		3BAD4D55250A4BF300CF1DEE /* q3 */ = {
			isa = PBXGroup;
			children = (
				3BAD4D56250A4BF300CF1DEE /* main.cpp */,
			);
			path = q3;
			sourceTree = "<group>";
		};
		3BAD4D5B250BA99600CF1DEE /* 2019kakaoblind */ = {
			isa = PBXGroup;
			children = (
				3BAD4D61250BA9A700CF1DEE /* q1 */,
			);
			path = 2019kakaoblind;
			sourceTree = "<group>";
		};
		3BAD4D61250BA9A700CF1DEE /* q1 */ = {
			isa = PBXGroup;
			children = (
				3BAD4D62250BA9A700CF1DEE /* main.cpp */,
			);
			path = q1;
			sourceTree = "<group>";
		};
		3BAD4D77250C88B100CF1DEE /* q1 */ = {
			isa = PBXGroup;
			children = (
				3BAD4D78250C88B100CF1DEE /* main.cpp */,
			);
			path = q1;
			sourceTree = "<group>";
		};
		3BAD4D82250CA6C100CF1DEE /* q3 */ = {
			isa = PBXGroup;
			children = (
				3BAD4D83250CA6C100CF1DEE /* main.cpp */,
			);
			path = q3;
			sourceTree = "<group>";
		};
		3BBB635C2513B48D00A6C9FD /* boj11725(tree, bfs) */ = {
			isa = PBXGroup;
			children = (
				3BBB635D2513B48D00A6C9FD /* main.cpp */,
			);
			path = "boj11725(tree, bfs)";
			sourceTree = "<group>";
		};
		3BBB63712518974100A6C9FD /* boj1167(tree) */ = {
			isa = PBXGroup;
			children = (
				3BBB63722518974100A6C9FD /* main.cpp */,
			);
			path = "boj1167(tree)";
			sourceTree = "<group>";
		};
		3BBB63882518A35C00A6C9FD /* boj1967(tree) */ = {
			isa = PBXGroup;
			children = (
				3BBB63892518A35C00A6C9FD /* main.cpp */,
			);
			path = "boj1967(tree)";
			sourceTree = "<group>";
		};
		3BBB63A12518D25B00A6C9FD /* boj1991(tree) */ = {
			isa = PBXGroup;
			children = (
				3BBB63A22518D25B00A6C9FD /* main.cpp */,
			);
			path = "boj1991(tree)";
			sourceTree = "<group>";
		};
		3BBB63BC2518DA3800A6C9FD /* boj2263(tree) */ = {
			isa = PBXGroup;
			children = (
				3BBB63BD2518DA3800A6C9FD /* main.cpp */,
			);
			path = "boj2263(tree)";
			sourceTree = "<group>";
		};
		3BBB63D02519EE4F00A6C9FD /* boj5639(tree) */ = {
			isa = PBXGroup;
			children = (
				3BBB63D12519EE4F00A6C9FD /* main.cpp */,
			);
			path = "boj5639(tree)";
			sourceTree = "<group>";
		};
		3BCE92D125022B1600FADBFD /* boj1654(binarysearch) */ = {
			isa = PBXGroup;
			children = (
				3BCE92D225022B1600FADBFD /* main.cpp */,
			);
			path = "boj1654(binarysearch)";
			sourceTree = "<group>";
		};
		3BCE92DC2502374300FADBFD /* boj2805(binarysearch) */ = {
			isa = PBXGroup;
			children = (
				3BCE92DD2502374300FADBFD /* main.cpp */,
			);
			path = "boj2805(binarysearch)";
			sourceTree = "<group>";
		};
		3BCE92E7250254B900FADBFD /* q1 */ = {
			isa = PBXGroup;
			children = (
				3BCE92E8250254B900FADBFD /* main.cpp */,
			);
			path = q1;
			sourceTree = "<group>";
		};
		3BE9647024C17001007C5400 /* boj7562(bfs) */ = {
			isa = PBXGroup;
			children = (
				3BE9647124C17001007C5400 /* main.cpp */,
			);
			path = "boj7562(bfs)";
			sourceTree = "<group>";
		};
		3BE9647B24C18DE2007C5400 /* temp */ = {
			isa = PBXGroup;
			children = (
				3BE9647C24C18DE2007C5400 /* main.cpp */,
			);
			path = temp;
			sourceTree = "<group>";
		};
		3BE9648724C2D505007C5400 /* boj2798(brute force) */ = {
			isa = PBXGroup;
			children = (
				3BE9648824C2D505007C5400 /* main.cpp */,
			);
			path = "boj2798(brute force)";
			sourceTree = "<group>";
		};
		3BE9649224C573A5007C5400 /* boj2231(brute force) */ = {
			isa = PBXGroup;
			children = (
				3BE9649324C573A5007C5400 /* main.cpp */,
			);
			path = "boj2231(brute force)";
			sourceTree = "<group>";
		};
		3BE9649D24C57899007C5400 /* boj7568(brute force) */ = {
			isa = PBXGroup;
			children = (
				3BE9649E24C57899007C5400 /* main.cpp */,
			);
			path = "boj7568(brute force)";
			sourceTree = "<group>";
		};
		3BE964A824E5656F007C5400 /* boj13023(vector,dfs) */ = {
			isa = PBXGroup;
			children = (
				3BE964A924E5656F007C5400 /* main.cpp */,
			);
			path = "boj13023(vector,dfs)";
			sourceTree = "<group>";
		};
		3BE964B324E68DC6007C5400 /* boj1018(brute force) */ = {
			isa = PBXGroup;
			children = (
				3BE964B424E68DC6007C5400 /* main.cpp */,
			);
			path = "boj1018(brute force)";
			sourceTree = "<group>";
		};
		3BE964BE24E69824007C5400 /* boj1436(brute force) */ = {
			isa = PBXGroup;
			children = (
				3BE964BF24E69824007C5400 /* main.cpp */,
			);
			path = "boj1436(brute force)";
			sourceTree = "<group>";
		};
		3BE964C924F3CAB6007C5400 /* boj15649(backtracking) */ = {
			isa = PBXGroup;
			children = (
				3BE964CA24F3CAB6007C5400 /* main.cpp */,
			);
			path = "boj15649(backtracking)";
			sourceTree = "<group>";
		};
		3BE964D424F3EA6F007C5400 /* boj12650(backtracking) */ = {
			isa = PBXGroup;
			children = (
				3BE964D524F3EA6F007C5400 /* main.cpp */,
			);
			path = "boj12650(backtracking)";
			sourceTree = "<group>";
		};
		3BE964DF24F3EF2D007C5400 /* boj15651(backtracking) */ = {
			isa = PBXGroup;
			children = (
				3BE964E024F3EF2D007C5400 /* main.cpp */,
			);
			path = "boj15651(backtracking)";
			sourceTree = "<group>";
		};
		3BE964EA24F3F332007C5400 /* boj15652(backtracking) */ = {
			isa = PBXGroup;
			children = (
				3BE964EB24F3F332007C5400 /* main.cpp */,
			);
			path = "boj15652(backtracking)";
			sourceTree = "<group>";
		};
		3BE964F524F3F8F1007C5400 /* boj9663(backtracking) */ = {
			isa = PBXGroup;
			children = (
				3BE964F624F3F8F1007C5400 /* main.cpp */,
			);
			path = "boj9663(backtracking)";
			sourceTree = "<group>";
		};
		3BE9650024F7CF91007C5400 /* boj2580(backtracking, sudoku) */ = {
			isa = PBXGroup;
			children = (
				3BE9650124F7CF91007C5400 /* main.cpp */,
			);
			path = "boj2580(backtracking, sudoku)";
			sourceTree = "<group>";
		};
/* End PBXGroup section */

/* Begin PBXNativeTarget section */
		3B8609C025121760002A20D2 /* boj2156 */ = {
			isa = PBXNativeTarget;
			buildConfigurationList = 3B8609C525121760002A20D2 /* Build configuration list for PBXNativeTarget "boj2156" */;
			buildPhases = (
				3B8609BD25121760002A20D2 /* Sources */,
				3B8609BE25121760002A20D2 /* Frameworks */,
				3B8609BF25121760002A20D2 /* CopyFiles */,
			);
			buildRules = (
			);
			dependencies = (
			);
			name = boj2156;
			productName = boj2156;
			productReference = 3B8609C125121760002A20D2 /* boj2156 */;
			productType = "com.apple.product-type.tool";
		};
		3B8609CB251234D4002A20D2 /* boj11053 */ = {
			isa = PBXNativeTarget;
			buildConfigurationList = 3B8609D0251234D4002A20D2 /* Build configuration list for PBXNativeTarget "boj11053" */;
			buildPhases = (
				3B8609C8251234D4002A20D2 /* Sources */,
				3B8609C9251234D4002A20D2 /* Frameworks */,
				3B8609CA251234D4002A20D2 /* CopyFiles */,
			);
			buildRules = (
			);
			dependencies = (
			);
			name = boj11053;
			productName = boj11053;
			productReference = 3B8609CC251234D4002A20D2 /* boj11053 */;
			productType = "com.apple.product-type.tool";
		};
		3B8609D6251242DB002A20D2 /* boj11054 */ = {
			isa = PBXNativeTarget;
			buildConfigurationList = 3B8609DB251242DC002A20D2 /* Build configuration list for PBXNativeTarget "boj11054" */;
			buildPhases = (
				3B8609D3251242DB002A20D2 /* Sources */,
				3B8609D4251242DB002A20D2 /* Frameworks */,
				3B8609D5251242DB002A20D2 /* CopyFiles */,
			);
			buildRules = (
			);
			dependencies = (
			);
			name = boj11054;
			productName = boj11054;
			productReference = 3B8609D7251242DB002A20D2 /* boj11054 */;
			productType = "com.apple.product-type.tool";
		};
		3BBB635A2513B48D00A6C9FD /* boj11725 */ = {
			isa = PBXNativeTarget;
			buildConfigurationList = 3BBB635F2513B48D00A6C9FD /* Build configuration list for PBXNativeTarget "boj11725" */;
			buildPhases = (
				3BBB63572513B48D00A6C9FD /* Sources */,
				3BBB63582513B48D00A6C9FD /* Frameworks */,
				3BBB63592513B48D00A6C9FD /* CopyFiles */,
			);
			buildRules = (
			);
			dependencies = (
			);
			name = boj11725;
			productName = boj11725;
			productReference = 3BBB635B2513B48D00A6C9FD /* boj11725 */;
			productType = "com.apple.product-type.tool";
		};
		3BBB636F2518974100A6C9FD /* boj1167 */ = {
			isa = PBXNativeTarget;
			buildConfigurationList = 3BBB63742518974100A6C9FD /* Build configuration list for PBXNativeTarget "boj1167" */;
			buildPhases = (
				3BBB636C2518974100A6C9FD /* Sources */,
				3BBB636D2518974100A6C9FD /* Frameworks */,
				3BBB636E2518974100A6C9FD /* CopyFiles */,
			);
			buildRules = (
			);
			dependencies = (
			);
			name = boj1167;
			productName = boj1167;
			productReference = 3BBB63702518974100A6C9FD /* boj1167 */;
			productType = "com.apple.product-type.tool";
		};
		3BBB63862518A35C00A6C9FD /* boj1967 */ = {
			isa = PBXNativeTarget;
			buildConfigurationList = 3BBB638B2518A35C00A6C9FD /* Build configuration list for PBXNativeTarget "boj1967" */;
			buildPhases = (
				3BBB63832518A35C00A6C9FD /* Sources */,
				3BBB63842518A35C00A6C9FD /* Frameworks */,
				3BBB63852518A35C00A6C9FD /* CopyFiles */,
			);
			buildRules = (
			);
			dependencies = (
			);
			name = boj1967;
			productName = boj1967;
			productReference = 3BBB63872518A35C00A6C9FD /* boj1967 */;
			productType = "com.apple.product-type.tool";
		};
		3BBB639F2518D25B00A6C9FD /* boj1991 */ = {
			isa = PBXNativeTarget;
			buildConfigurationList = 3BBB63A42518D25B00A6C9FD /* Build configuration list for PBXNativeTarget "boj1991" */;
			buildPhases = (
				3BBB639C2518D25B00A6C9FD /* Sources */,
				3BBB639D2518D25B00A6C9FD /* Frameworks */,
				3BBB639E2518D25B00A6C9FD /* CopyFiles */,
			);
			buildRules = (
			);
			dependencies = (
			);
			name = boj1991;
			productName = boj1991;
			productReference = 3BBB63A02518D25B00A6C9FD /* boj1991 */;
			productType = "com.apple.product-type.tool";
		};
		3BBB63BA2518DA3800A6C9FD /* boj2263 */ = {
			isa = PBXNativeTarget;
			buildConfigurationList = 3BBB63BF2518DA3800A6C9FD /* Build configuration list for PBXNativeTarget "boj2263" */;
			buildPhases = (
				3BBB63B72518DA3800A6C9FD /* Sources */,
				3BBB63B82518DA3800A6C9FD /* Frameworks */,
				3BBB63B92518DA3800A6C9FD /* CopyFiles */,
			);
			buildRules = (
			);
			dependencies = (
			);
			name = boj2263;
			productName = boj2263;
			productReference = 3BBB63BB2518DA3800A6C9FD /* boj2263 */;
			productType = "com.apple.product-type.tool";
		};
		3BBB63CE2519EE4F00A6C9FD /* boj5639 */ = {
			isa = PBXNativeTarget;
			buildConfigurationList = 3BBB63D32519EE4F00A6C9FD /* Build configuration list for PBXNativeTarget "boj5639" */;
			buildPhases = (
				3BBB63CB2519EE4F00A6C9FD /* Sources */,
				3BBB63CC2519EE4F00A6C9FD /* Frameworks */,
				3BBB63CD2519EE4F00A6C9FD /* CopyFiles */,
			);
			buildRules = (
			);
			dependencies = (
			);
			name = boj5639;
			productName = boj5639;
			productReference = 3BBB63CF2519EE4F00A6C9FD /* boj5639 */;
			productType = "com.apple.product-type.tool";
		};
		3BE9647924C18DE2007C5400 /* temp */ = {
			isa = PBXNativeTarget;
			buildConfigurationList = 3BE9647E24C18DE2007C5400 /* Build configuration list for PBXNativeTarget "temp" */;
			buildPhases = (
				3BE9647624C18DE2007C5400 /* Sources */,
				3BE9647724C18DE2007C5400 /* Frameworks */,
				3BE9647824C18DE2007C5400 /* CopyFiles */,
			);
			buildRules = (
			);
			dependencies = (
			);
			name = temp;
			productName = temp;
			productReference = 3BE9647A24C18DE2007C5400 /* temp */;
			productType = "com.apple.product-type.tool";
		};
/* End PBXNativeTarget section */

/* Begin PBXProject section */
		3B2DE3FB24ADE18600536E02 /* Project object */ = {
			isa = PBXProject;
			attributes = {
				LastSwiftUpdateCheck = 1170;
				LastUpgradeCheck = 1150;
				ORGANIZATIONNAME = coconut;
				TargetAttributes = {
					3B8609C025121760002A20D2 = {
						CreatedOnToolsVersion = 11.7;
					};
					3B8609CB251234D4002A20D2 = {
						CreatedOnToolsVersion = 11.7;
					};
					3B8609D6251242DB002A20D2 = {
						CreatedOnToolsVersion = 11.7;
					};
					3BBB635A2513B48D00A6C9FD = {
						CreatedOnToolsVersion = 12.0;
					};
					3BBB636F2518974100A6C9FD = {
						CreatedOnToolsVersion = 12.0;
					};
					3BBB63862518A35C00A6C9FD = {
						CreatedOnToolsVersion = 12.0;
					};
					3BBB639F2518D25B00A6C9FD = {
						CreatedOnToolsVersion = 12.0;
					};
					3BBB63BA2518DA3800A6C9FD = {
						CreatedOnToolsVersion = 12.0;
					};
					3BBB63CE2519EE4F00A6C9FD = {
						CreatedOnToolsVersion = 12.0;
					};
					3BE9647924C18DE2007C5400 = {
						CreatedOnToolsVersion = 11.6;
					};
				};
			};
			buildConfigurationList = 3B2DE3FE24ADE18600536E02 /* Build configuration list for PBXProject "CodingTest" */;
			compatibilityVersion = "Xcode 9.3";
			developmentRegion = en;
			hasScannedForEncodings = 0;
			knownRegions = (
				en,
				Base,
			);
			mainGroup = 3B2DE3FA24ADE18600536E02;
			productRefGroup = 3B2DE40424ADE18600536E02 /* Products */;
			projectDirPath = "";
			projectRoot = "";
			targets = (
				3BE9647924C18DE2007C5400 /* temp */,
				3B8609C025121760002A20D2 /* boj2156 */,
				3B8609CB251234D4002A20D2 /* boj11053 */,
				3B8609D6251242DB002A20D2 /* boj11054 */,
				3BBB635A2513B48D00A6C9FD /* boj11725 */,
				3BBB636F2518974100A6C9FD /* boj1167 */,
				3BBB63862518A35C00A6C9FD /* boj1967 */,
				3BBB639F2518D25B00A6C9FD /* boj1991 */,
				3BBB63BA2518DA3800A6C9FD /* boj2263 */,
				3BBB63CE2519EE4F00A6C9FD /* boj5639 */,
			);
		};
/* End PBXProject section */

/* Begin PBXSourcesBuildPhase section */
		3B8609BD25121760002A20D2 /* Sources */ = {
			isa = PBXSourcesBuildPhase;
			buildActionMask = 2147483647;
			files = (
				3B8609C425121760002A20D2 /* main.cpp in Sources */,
			);
			runOnlyForDeploymentPostprocessing = 0;
		};
		3B8609C8251234D4002A20D2 /* Sources */ = {
			isa = PBXSourcesBuildPhase;
			buildActionMask = 2147483647;
			files = (
				3B8609CF251234D4002A20D2 /* main.cpp in Sources */,
			);
			runOnlyForDeploymentPostprocessing = 0;
		};
		3B8609D3251242DB002A20D2 /* Sources */ = {
			isa = PBXSourcesBuildPhase;
			buildActionMask = 2147483647;
			files = (
				3B8609DA251242DC002A20D2 /* main.cpp in Sources */,
			);
			runOnlyForDeploymentPostprocessing = 0;
		};
		3BBB63572513B48D00A6C9FD /* Sources */ = {
			isa = PBXSourcesBuildPhase;
			buildActionMask = 2147483647;
			files = (
				3BBB635E2513B48D00A6C9FD /* main.cpp in Sources */,
			);
			runOnlyForDeploymentPostprocessing = 0;
		};
		3BBB636C2518974100A6C9FD /* Sources */ = {
			isa = PBXSourcesBuildPhase;
			buildActionMask = 2147483647;
			files = (
				3BBB63732518974100A6C9FD /* main.cpp in Sources */,
			);
			runOnlyForDeploymentPostprocessing = 0;
		};
		3BBB63832518A35C00A6C9FD /* Sources */ = {
			isa = PBXSourcesBuildPhase;
			buildActionMask = 2147483647;
			files = (
				3BBB638A2518A35C00A6C9FD /* main.cpp in Sources */,
			);
			runOnlyForDeploymentPostprocessing = 0;
		};
		3BBB639C2518D25B00A6C9FD /* Sources */ = {
			isa = PBXSourcesBuildPhase;
			buildActionMask = 2147483647;
			files = (
				3BBB63A32518D25B00A6C9FD /* main.cpp in Sources */,
			);
			runOnlyForDeploymentPostprocessing = 0;
		};
		3BBB63B72518DA3800A6C9FD /* Sources */ = {
			isa = PBXSourcesBuildPhase;
			buildActionMask = 2147483647;
			files = (
				3BBB63BE2518DA3800A6C9FD /* main.cpp in Sources */,
			);
			runOnlyForDeploymentPostprocessing = 0;
		};
		3BBB63CB2519EE4F00A6C9FD /* Sources */ = {
			isa = PBXSourcesBuildPhase;
			buildActionMask = 2147483647;
			files = (
				3BBB63D22519EE4F00A6C9FD /* main.cpp in Sources */,
			);
			runOnlyForDeploymentPostprocessing = 0;
		};
		3BE9647624C18DE2007C5400 /* Sources */ = {
			isa = PBXSourcesBuildPhase;
			buildActionMask = 2147483647;
			files = (
				3BE9647D24C18DE2007C5400 /* main.cpp in Sources */,
			);
			runOnlyForDeploymentPostprocessing = 0;
		};
/* End PBXSourcesBuildPhase section */

/* Begin XCBuildConfiguration section */
		3B2DE40824ADE18600536E02 /* Debug */ = {
			isa = XCBuildConfiguration;
			buildSettings = {
				ALWAYS_SEARCH_USER_PATHS = NO;
				CLANG_ANALYZER_NONNULL = YES;
				CLANG_ANALYZER_NUMBER_OBJECT_CONVERSION = YES_AGGRESSIVE;
				CLANG_CXX_LANGUAGE_STANDARD = "gnu++14";
				CLANG_CXX_LIBRARY = "libc++";
				CLANG_ENABLE_MODULES = YES;
				CLANG_ENABLE_OBJC_ARC = YES;
				CLANG_ENABLE_OBJC_WEAK = YES;
				CLANG_WARN_BLOCK_CAPTURE_AUTORELEASING = YES;
				CLANG_WARN_BOOL_CONVERSION = YES;
				CLANG_WARN_COMMA = YES;
				CLANG_WARN_CONSTANT_CONVERSION = YES;
				CLANG_WARN_DEPRECATED_OBJC_IMPLEMENTATIONS = YES;
				CLANG_WARN_DIRECT_OBJC_ISA_USAGE = YES_ERROR;
				CLANG_WARN_DOCUMENTATION_COMMENTS = YES;
				CLANG_WARN_EMPTY_BODY = YES;
				CLANG_WARN_ENUM_CONVERSION = YES;
				CLANG_WARN_INFINITE_RECURSION = YES;
				CLANG_WARN_INT_CONVERSION = YES;
				CLANG_WARN_NON_LITERAL_NULL_CONVERSION = YES;
				CLANG_WARN_OBJC_IMPLICIT_RETAIN_SELF = YES;
				CLANG_WARN_OBJC_LITERAL_CONVERSION = YES;
				CLANG_WARN_OBJC_ROOT_CLASS = YES_ERROR;
				CLANG_WARN_RANGE_LOOP_ANALYSIS = YES;
				CLANG_WARN_STRICT_PROTOTYPES = YES;
				CLANG_WARN_SUSPICIOUS_MOVE = YES;
				CLANG_WARN_UNGUARDED_AVAILABILITY = YES_AGGRESSIVE;
				CLANG_WARN_UNREACHABLE_CODE = YES;
				CLANG_WARN__DUPLICATE_METHOD_MATCH = YES;
				COPY_PHASE_STRIP = NO;
				DEBUG_INFORMATION_FORMAT = dwarf;
				ENABLE_STRICT_OBJC_MSGSEND = YES;
				ENABLE_TESTABILITY = YES;
				GCC_C_LANGUAGE_STANDARD = gnu11;
				GCC_DYNAMIC_NO_PIC = NO;
				GCC_NO_COMMON_BLOCKS = YES;
				GCC_OPTIMIZATION_LEVEL = 0;
				GCC_PREPROCESSOR_DEFINITIONS = (
					"DEBUG=1",
					"$(inherited)",
				);
				GCC_WARN_64_TO_32_BIT_CONVERSION = YES;
				GCC_WARN_ABOUT_RETURN_TYPE = YES_ERROR;
				GCC_WARN_UNDECLARED_SELECTOR = YES;
				GCC_WARN_UNINITIALIZED_AUTOS = YES_AGGRESSIVE;
				GCC_WARN_UNUSED_FUNCTION = YES;
				GCC_WARN_UNUSED_VARIABLE = YES;
				MACOSX_DEPLOYMENT_TARGET = 10.15;
				MTL_ENABLE_DEBUG_INFO = INCLUDE_SOURCE;
				MTL_FAST_MATH = YES;
				ONLY_ACTIVE_ARCH = YES;
				SDKROOT = macosx;
			};
			name = Debug;
		};
		3B2DE40924ADE18600536E02 /* Release */ = {
			isa = XCBuildConfiguration;
			buildSettings = {
				ALWAYS_SEARCH_USER_PATHS = NO;
				CLANG_ANALYZER_NONNULL = YES;
				CLANG_ANALYZER_NUMBER_OBJECT_CONVERSION = YES_AGGRESSIVE;
				CLANG_CXX_LANGUAGE_STANDARD = "gnu++14";
				CLANG_CXX_LIBRARY = "libc++";
				CLANG_ENABLE_MODULES = YES;
				CLANG_ENABLE_OBJC_ARC = YES;
				CLANG_ENABLE_OBJC_WEAK = YES;
				CLANG_WARN_BLOCK_CAPTURE_AUTORELEASING = YES;
				CLANG_WARN_BOOL_CONVERSION = YES;
				CLANG_WARN_COMMA = YES;
				CLANG_WARN_CONSTANT_CONVERSION = YES;
				CLANG_WARN_DEPRECATED_OBJC_IMPLEMENTATIONS = YES;
				CLANG_WARN_DIRECT_OBJC_ISA_USAGE = YES_ERROR;
				CLANG_WARN_DOCUMENTATION_COMMENTS = YES;
				CLANG_WARN_EMPTY_BODY = YES;
				CLANG_WARN_ENUM_CONVERSION = YES;
				CLANG_WARN_INFINITE_RECURSION = YES;
				CLANG_WARN_INT_CONVERSION = YES;
				CLANG_WARN_NON_LITERAL_NULL_CONVERSION = YES;
				CLANG_WARN_OBJC_IMPLICIT_RETAIN_SELF = YES;
				CLANG_WARN_OBJC_LITERAL_CONVERSION = YES;
				CLANG_WARN_OBJC_ROOT_CLASS = YES_ERROR;
				CLANG_WARN_RANGE_LOOP_ANALYSIS = YES;
				CLANG_WARN_STRICT_PROTOTYPES = YES;
				CLANG_WARN_SUSPICIOUS_MOVE = YES;
				CLANG_WARN_UNGUARDED_AVAILABILITY = YES_AGGRESSIVE;
				CLANG_WARN_UNREACHABLE_CODE = YES;
				CLANG_WARN__DUPLICATE_METHOD_MATCH = YES;
				COPY_PHASE_STRIP = NO;
				DEBUG_INFORMATION_FORMAT = "dwarf-with-dsym";
				ENABLE_NS_ASSERTIONS = NO;
				ENABLE_STRICT_OBJC_MSGSEND = YES;
				GCC_C_LANGUAGE_STANDARD = gnu11;
				GCC_NO_COMMON_BLOCKS = YES;
				GCC_WARN_64_TO_32_BIT_CONVERSION = YES;
				GCC_WARN_ABOUT_RETURN_TYPE = YES_ERROR;
				GCC_WARN_UNDECLARED_SELECTOR = YES;
				GCC_WARN_UNINITIALIZED_AUTOS = YES_AGGRESSIVE;
				GCC_WARN_UNUSED_FUNCTION = YES;
				GCC_WARN_UNUSED_VARIABLE = YES;
				MACOSX_DEPLOYMENT_TARGET = 10.15;
				MTL_ENABLE_DEBUG_INFO = NO;
				MTL_FAST_MATH = YES;
				SDKROOT = macosx;
			};
			name = Release;
		};
		3B8609C625121760002A20D2 /* Debug */ = {
			isa = XCBuildConfiguration;
			buildSettings = {
				CODE_SIGN_STYLE = Automatic;
				PRODUCT_NAME = "$(TARGET_NAME)";
			};
			name = Debug;
		};
		3B8609C725121760002A20D2 /* Release */ = {
			isa = XCBuildConfiguration;
			buildSettings = {
				CODE_SIGN_STYLE = Automatic;
				PRODUCT_NAME = "$(TARGET_NAME)";
			};
			name = Release;
		};
		3B8609D1251234D4002A20D2 /* Debug */ = {
			isa = XCBuildConfiguration;
			buildSettings = {
				CODE_SIGN_STYLE = Automatic;
				PRODUCT_NAME = "$(TARGET_NAME)";
			};
			name = Debug;
		};
		3B8609D2251234D4002A20D2 /* Release */ = {
			isa = XCBuildConfiguration;
			buildSettings = {
				CODE_SIGN_STYLE = Automatic;
				PRODUCT_NAME = "$(TARGET_NAME)";
			};
			name = Release;
		};
		3B8609DC251242DC002A20D2 /* Debug */ = {
			isa = XCBuildConfiguration;
			buildSettings = {
				CODE_SIGN_STYLE = Automatic;
				PRODUCT_NAME = "$(TARGET_NAME)";
			};
			name = Debug;
		};
		3B8609DD251242DC002A20D2 /* Release */ = {
			isa = XCBuildConfiguration;
			buildSettings = {
				CODE_SIGN_STYLE = Automatic;
				PRODUCT_NAME = "$(TARGET_NAME)";
			};
			name = Release;
		};
		3BBB63602513B48D00A6C9FD /* Debug */ = {
			isa = XCBuildConfiguration;
			buildSettings = {
				CLANG_WARN_QUOTED_INCLUDE_IN_FRAMEWORK_HEADER = YES;
				CODE_SIGN_STYLE = Automatic;
				PRODUCT_NAME = "$(TARGET_NAME)";
			};
			name = Debug;
		};
		3BBB63612513B48D00A6C9FD /* Release */ = {
			isa = XCBuildConfiguration;
			buildSettings = {
				CLANG_WARN_QUOTED_INCLUDE_IN_FRAMEWORK_HEADER = YES;
				CODE_SIGN_STYLE = Automatic;
				PRODUCT_NAME = "$(TARGET_NAME)";
			};
			name = Release;
		};
		3BBB63752518974100A6C9FD /* Debug */ = {
			isa = XCBuildConfiguration;
			buildSettings = {
				CLANG_WARN_QUOTED_INCLUDE_IN_FRAMEWORK_HEADER = YES;
				CODE_SIGN_STYLE = Automatic;
				PRODUCT_NAME = "$(TARGET_NAME)";
			};
			name = Debug;
		};
		3BBB63762518974100A6C9FD /* Release */ = {
			isa = XCBuildConfiguration;
			buildSettings = {
				CLANG_WARN_QUOTED_INCLUDE_IN_FRAMEWORK_HEADER = YES;
				CODE_SIGN_STYLE = Automatic;
				PRODUCT_NAME = "$(TARGET_NAME)";
			};
			name = Release;
		};
		3BBB638C2518A35C00A6C9FD /* Debug */ = {
			isa = XCBuildConfiguration;
			buildSettings = {
				CLANG_WARN_QUOTED_INCLUDE_IN_FRAMEWORK_HEADER = YES;
				CODE_SIGN_STYLE = Automatic;
				PRODUCT_NAME = "$(TARGET_NAME)";
			};
			name = Debug;
		};
		3BBB638D2518A35C00A6C9FD /* Release */ = {
			isa = XCBuildConfiguration;
			buildSettings = {
				CLANG_WARN_QUOTED_INCLUDE_IN_FRAMEWORK_HEADER = YES;
				CODE_SIGN_STYLE = Automatic;
				PRODUCT_NAME = "$(TARGET_NAME)";
			};
			name = Release;
		};
		3BBB63A52518D25B00A6C9FD /* Debug */ = {
			isa = XCBuildConfiguration;
			buildSettings = {
				CLANG_WARN_QUOTED_INCLUDE_IN_FRAMEWORK_HEADER = YES;
				CODE_SIGN_STYLE = Automatic;
				PRODUCT_NAME = "$(TARGET_NAME)";
			};
			name = Debug;
		};
		3BBB63A62518D25B00A6C9FD /* Release */ = {
			isa = XCBuildConfiguration;
			buildSettings = {
				CLANG_WARN_QUOTED_INCLUDE_IN_FRAMEWORK_HEADER = YES;
				CODE_SIGN_STYLE = Automatic;
				PRODUCT_NAME = "$(TARGET_NAME)";
			};
			name = Release;
		};
		3BBB63C02518DA3800A6C9FD /* Debug */ = {
			isa = XCBuildConfiguration;
			buildSettings = {
				CLANG_WARN_QUOTED_INCLUDE_IN_FRAMEWORK_HEADER = YES;
				CODE_SIGN_STYLE = Automatic;
				PRODUCT_NAME = "$(TARGET_NAME)";
			};
			name = Debug;
		};
		3BBB63C12518DA3800A6C9FD /* Release */ = {
			isa = XCBuildConfiguration;
			buildSettings = {
				CLANG_WARN_QUOTED_INCLUDE_IN_FRAMEWORK_HEADER = YES;
				CODE_SIGN_STYLE = Automatic;
				PRODUCT_NAME = "$(TARGET_NAME)";
			};
			name = Release;
		};
		3BBB63D42519EE4F00A6C9FD /* Debug */ = {
			isa = XCBuildConfiguration;
			buildSettings = {
				CLANG_WARN_QUOTED_INCLUDE_IN_FRAMEWORK_HEADER = YES;
				CODE_SIGN_STYLE = Automatic;
				PRODUCT_NAME = "$(TARGET_NAME)";
			};
			name = Debug;
		};
		3BBB63D52519EE4F00A6C9FD /* Release */ = {
			isa = XCBuildConfiguration;
			buildSettings = {
				CLANG_WARN_QUOTED_INCLUDE_IN_FRAMEWORK_HEADER = YES;
				CODE_SIGN_STYLE = Automatic;
				PRODUCT_NAME = "$(TARGET_NAME)";
			};
			name = Release;
		};
		3BE9647F24C18DE2007C5400 /* Debug */ = {
			isa = XCBuildConfiguration;
			buildSettings = {
				CODE_SIGN_STYLE = Automatic;
				PRODUCT_NAME = "$(TARGET_NAME)";
			};
			name = Debug;
		};
		3BE9648024C18DE2007C5400 /* Release */ = {
			isa = XCBuildConfiguration;
			buildSettings = {
				CODE_SIGN_STYLE = Automatic;
				PRODUCT_NAME = "$(TARGET_NAME)";
			};
			name = Release;
		};
/* End XCBuildConfiguration section */

/* Begin XCConfigurationList section */
		3B2DE3FE24ADE18600536E02 /* Build configuration list for PBXProject "CodingTest" */ = {
			isa = XCConfigurationList;
			buildConfigurations = (
				3B2DE40824ADE18600536E02 /* Debug */,
				3B2DE40924ADE18600536E02 /* Release */,
			);
			defaultConfigurationIsVisible = 0;
			defaultConfigurationName = Release;
		};
		3B8609C525121760002A20D2 /* Build configuration list for PBXNativeTarget "boj2156" */ = {
			isa = XCConfigurationList;
			buildConfigurations = (
				3B8609C625121760002A20D2 /* Debug */,
				3B8609C725121760002A20D2 /* Release */,
			);
			defaultConfigurationIsVisible = 0;
			defaultConfigurationName = Release;
		};
		3B8609D0251234D4002A20D2 /* Build configuration list for PBXNativeTarget "boj11053" */ = {
			isa = XCConfigurationList;
			buildConfigurations = (
				3B8609D1251234D4002A20D2 /* Debug */,
				3B8609D2251234D4002A20D2 /* Release */,
			);
			defaultConfigurationIsVisible = 0;
			defaultConfigurationName = Release;
		};
		3B8609DB251242DC002A20D2 /* Build configuration list for PBXNativeTarget "boj11054" */ = {
			isa = XCConfigurationList;
			buildConfigurations = (
				3B8609DC251242DC002A20D2 /* Debug */,
				3B8609DD251242DC002A20D2 /* Release */,
			);
			defaultConfigurationIsVisible = 0;
			defaultConfigurationName = Release;
		};
		3BBB635F2513B48D00A6C9FD /* Build configuration list for PBXNativeTarget "boj11725" */ = {
			isa = XCConfigurationList;
			buildConfigurations = (
				3BBB63602513B48D00A6C9FD /* Debug */,
				3BBB63612513B48D00A6C9FD /* Release */,
			);
			defaultConfigurationIsVisible = 0;
			defaultConfigurationName = Release;
		};
		3BBB63742518974100A6C9FD /* Build configuration list for PBXNativeTarget "boj1167" */ = {
			isa = XCConfigurationList;
			buildConfigurations = (
				3BBB63752518974100A6C9FD /* Debug */,
				3BBB63762518974100A6C9FD /* Release */,
			);
			defaultConfigurationIsVisible = 0;
			defaultConfigurationName = Release;
		};
		3BBB638B2518A35C00A6C9FD /* Build configuration list for PBXNativeTarget "boj1967" */ = {
			isa = XCConfigurationList;
			buildConfigurations = (
				3BBB638C2518A35C00A6C9FD /* Debug */,
				3BBB638D2518A35C00A6C9FD /* Release */,
			);
			defaultConfigurationIsVisible = 0;
			defaultConfigurationName = Release;
		};
		3BBB63A42518D25B00A6C9FD /* Build configuration list for PBXNativeTarget "boj1991" */ = {
			isa = XCConfigurationList;
			buildConfigurations = (
				3BBB63A52518D25B00A6C9FD /* Debug */,
				3BBB63A62518D25B00A6C9FD /* Release */,
			);
			defaultConfigurationIsVisible = 0;
			defaultConfigurationName = Release;
		};
		3BBB63BF2518DA3800A6C9FD /* Build configuration list for PBXNativeTarget "boj2263" */ = {
			isa = XCConfigurationList;
			buildConfigurations = (
				3BBB63C02518DA3800A6C9FD /* Debug */,
				3BBB63C12518DA3800A6C9FD /* Release */,
			);
			defaultConfigurationIsVisible = 0;
			defaultConfigurationName = Release;
		};
		3BBB63D32519EE4F00A6C9FD /* Build configuration list for PBXNativeTarget "boj5639" */ = {
			isa = XCConfigurationList;
			buildConfigurations = (
				3BBB63D42519EE4F00A6C9FD /* Debug */,
				3BBB63D52519EE4F00A6C9FD /* Release */,
			);
			defaultConfigurationIsVisible = 0;
			defaultConfigurationName = Release;
		};
		3BE9647E24C18DE2007C5400 /* Build configuration list for PBXNativeTarget "temp" */ = {
			isa = XCConfigurationList;
			buildConfigurations = (
				3BE9647F24C18DE2007C5400 /* Debug */,
				3BE9648024C18DE2007C5400 /* Release */,
			);
			defaultConfigurationIsVisible = 0;
			defaultConfigurationName = Release;
		};
/* End XCConfigurationList section */
	};
	rootObject = 3B2DE3FB24ADE18600536E02 /* Project object */;
}
